{
  "version": 4,
  "terraform_version": "1.3.5",
  "serial": 1613,
  "lineage": "6f89c693-218d-1f47-fae0-b76fe378180b",
  "outputs": {},
  "resources": [
    {
      "module": "module.dcs",
      "mode": "data",
      "type": "huaweicloud_dcs_flavors",
      "name": "master_standby_flavors",
      "provider": "provider[\"registry.terraform.io/huaweicloud/huaweicloud\"]",
      "instances": [
        {
          "schema_version": 0,
          "attributes": {
            "cache_mode": "ha",
            "capacity": 0.125,
            "cpu_architecture": null,
            "engine": "Redis",
            "engine_version": null,
            "flavors": [
              {
                "available_zones": [
                  "ap-southeast-2a",
                  "ap-southeast-2b"
                ],
                "cache_mode": "ha",
                "capacity": 0.125,
                "charging_modes": [
                  "Hourly",
                  "Monthly",
                  "Yearly"
                ],
                "cpu_architecture": "x86_64",
                "engine": "redis",
                "engine_versions": "4.0;5.0;6.0",
                "ip_count": 2,
                "name": "redis.ha.xu1.tiny.r2.128"
              },
              {
                "available_zones": [
                  "ap-southeast-2a",
                  "ap-southeast-2b"
                ],
                "cache_mode": "ha",
                "capacity": 0.125,
                "charging_modes": [
                  "Hourly",
                  "Monthly",
                  "Yearly"
                ],
                "cpu_architecture": "x86_64",
                "engine": "redis",
                "engine_versions": "4.0;5.0",
                "ip_count": 3,
                "name": "redis.ha.xu1.tiny.r3.128"
              },
              {
                "available_zones": [
                  "ap-southeast-2a",
                  "ap-southeast-2b"
                ],
                "cache_mode": "ha",
                "capacity": 0.125,
                "charging_modes": [
                  "Hourly",
                  "Monthly",
                  "Yearly"
                ],
                "cpu_architecture": "x86_64",
                "engine": "redis",
                "engine_versions": "4.0;5.0",
                "ip_count": 4,
                "name": "redis.ha.xu1.tiny.r4.128"
              },
              {
                "available_zones": [
                  "ap-southeast-2a",
                  "ap-southeast-2b"
                ],
                "cache_mode": "ha",
                "capacity": 0.125,
                "charging_modes": [
                  "Hourly",
                  "Monthly",
                  "Yearly"
                ],
                "cpu_architecture": "x86_64",
                "engine": "redis",
                "engine_versions": "4.0;5.0",
                "ip_count": 5,
                "name": "redis.ha.xu1.tiny.r5.128"
              },
              {
                "available_zones": [
                  "ap-southeast-2a",
                  "ap-southeast-2b"
                ],
                "cache_mode": "ha",
                "capacity": 0.125,
                "charging_modes": [
                  "Hourly",
                  "Monthly",
                  "Yearly"
                ],
                "cpu_architecture": "x86_64",
                "engine": "redis",
                "engine_versions": "4.0;5.0",
                "ip_count": 6,
                "name": "redis.ha.xu1.tiny.r6.128"
              },
              {
                "available_zones": [
                  "ap-southeast-2a",
                  "ap-southeast-2b"
                ],
                "cache_mode": "ha",
                "capacity": 0.125,
                "charging_modes": [
                  "Hourly",
                  "Monthly",
                  "Yearly"
                ],
                "cpu_architecture": "x86_64",
                "engine": "redis",
                "engine_versions": "4.0;5.0",
                "ip_count": 7,
                "name": "redis.ha.xu1.tiny.r7.128"
              },
              {
                "available_zones": [
                  "ap-southeast-2a",
                  "ap-southeast-2b"
                ],
                "cache_mode": "ha",
                "capacity": 0.125,
                "charging_modes": [
                  "Hourly",
                  "Monthly",
                  "Yearly"
                ],
                "cpu_architecture": "x86_64",
                "engine": "redis",
                "engine_versions": "4.0;5.0",
                "ip_count": 8,
                "name": "redis.ha.xu1.tiny.r8.128"
              },
              {
                "available_zones": [
                  "ap-southeast-2a",
                  "ap-southeast-2b"
                ],
                "cache_mode": "ha",
                "capacity": 0.125,
                "charging_modes": [
                  "Hourly",
                  "Monthly",
                  "Yearly"
                ],
                "cpu_architecture": "x86_64",
                "engine": "redis",
                "engine_versions": "4.0;5.0",
                "ip_count": 9,
                "name": "redis.ha.xu1.tiny.r9.128"
              },
              {
                "available_zones": [
                  "ap-southeast-2a",
                  "ap-southeast-2b"
                ],
                "cache_mode": "ha",
                "capacity": 0.125,
                "charging_modes": [
                  "Hourly",
                  "Monthly",
                  "Yearly"
                ],
                "cpu_architecture": "x86_64",
                "engine": "redis",
                "engine_versions": "4.0;5.0",
                "ip_count": 10,
                "name": "redis.ha.xu1.tiny.r10.128"
              }
            ],
            "id": "488785937",
            "name": null,
            "region": "ap-southeast-2"
          },
          "sensitive_attributes": []
        }
      ]
    },
    {
      "module": "module.dcs",
      "mode": "managed",
      "type": "huaweicloud_dcs_instance",
      "name": "dcs_wordpress",
      "provider": "provider[\"registry.terraform.io/huaweicloud/huaweicloud\"]",
      "instances": [
        {
          "schema_version": 0,
          "attributes": {
            "access_user": "",
            "auto_pay": null,
            "auto_renew": null,
            "availability_zones": [
              "ap-southeast-2a",
              "ap-southeast-2b"
            ],
            "available_zones": null,
            "backup_at": null,
            "backup_policy": [],
            "backup_type": null,
            "begin_at": null,
            "capacity": 0.125,
            "charging_mode": "postPaid",
            "description": "",
            "domain_name": "redis-36570dc1-1ec2-47e7-b37c-9a37f93da510.ap-southeast-2.dcs.myhuaweicloud.com",
            "engine": "Redis",
            "engine_version": "5.0",
            "enterprise_project_id": "0",
            "enterprise_project_name": null,
            "flavor": "redis.ha.xu1.tiny.r2.128",
            "id": "36570dc1-1ec2-47e7-b37c-9a37f93da510",
            "internal_version": null,
            "ip": "172.16.0.199",
            "maintain_begin": "02:00:00",
            "maintain_end": "06:00:00",
            "max_memory": 128,
            "name": "wordpress",
            "order_id": "",
            "password": "P@ssw0rdHCIE0lab999",
            "period": null,
            "period_type": null,
            "period_unit": null,
            "port": 6379,
            "private_ip": "172.16.0.199",
            "product_id": null,
            "region": "ap-southeast-2",
            "rename_commands": null,
            "save_days": null,
            "security_group_id": "",
            "security_group_name": "",
            "status": "RUNNING",
            "subnet_id": "c210d303-7b5a-43f1-8bee-10bd0c0c41b7",
            "subnet_name": "subnet_db",
            "tags": null,
            "timeouts": null,
            "used_memory": 2,
            "user_id": "0d26a8f6e1800f961feec0070127de5f",
            "user_name": "lanyang",
            "vpc_id": "c59d6ff1-3a34-42cb-94b4-6496a96e32dc",
            "vpc_name": "db_active",
            "whitelist_enable": true,
            "whitelists": []
          },
          "sensitive_attributes": [],
          "private": "eyJlMmJmYjczMC1lY2FhLTExZTYtOGY4OC0zNDM2M2JjN2M0YzAiOnsiY3JlYXRlIjoxMjAwMDAwMDAwMDAwLCJkZWxldGUiOjkwMDAwMDAwMDAwMCwidXBkYXRlIjoxMjAwMDAwMDAwMDAwfX0=",
          "dependencies": [
            "module.dcs.data.huaweicloud_dcs_flavors.master_standby_flavors",
            "module.vpc.huaweicloud_vpc.vpc_db_active",
            "module.vpc.huaweicloud_vpc_subnet.subnet_db"
          ]
        }
      ]
    },
    {
      "module": "module.dns",
      "mode": "managed",
      "type": "huaweicloud_dns_zone",
      "name": "zone",
      "provider": "provider[\"registry.terraform.io/huaweicloud/huaweicloud\"]",
      "instances": [
        {
          "schema_version": 0,
          "attributes": {
            "description": "HCIE zone",
            "email": "admin@admin.com",
            "enterprise_project_id": "0",
            "id": "ff80808285a6e5220185b9c5168b629b",
            "masters": [],
            "name": "hcie-xxxx.com.",
            "region": "ap-southeast-2",
            "router": [
              {
                "router_id": "6e77d437-e958-4d74-8076-bb5f0202ac02",
                "router_region": ""
              }
            ],
            "tags": null,
            "timeouts": null,
            "ttl": 6000,
            "value_specs": null,
            "zone_type": "private"
          },
          "sensitive_attributes": [],
          "private": "eyJlMmJmYjczMC1lY2FhLTExZTYtOGY4OC0zNDM2M2JjN2M0YzAiOnsiY3JlYXRlIjo2MDAwMDAwMDAwMDAsImRlbGV0ZSI6NjAwMDAwMDAwMDAwLCJ1cGRhdGUiOjYwMDAwMDAwMDAwMH19",
          "dependencies": [
            "module.vpc.huaweicloud_vpc.vpc_web_active"
          ]
        }
      ]
    },
    {
      "module": "module.drs",
      "mode": "managed",
      "type": "huaweicloud_drs_job",
      "name": "drs",
      "provider": "provider[\"registry.terraform.io/huaweicloud/huaweicloud\"]",
      "instances": [
        {
          "schema_version": 0,
          "attributes": {
            "created_at": "1673859365346",
            "description": "DRS",
            "destination_db": [
              {
                "engine_type": "mysql",
                "instance_id": "3307db0b05a14b7c8ee0d295ce1ea556in01",
                "ip": "172.16.1.24",
                "name": "wordpress",
                "password": "",
                "port": 3310,
                "region": "ap-southeast-1",
                "ssl_cert_check_sum": "",
                "ssl_cert_key": "",
                "ssl_cert_name": "",
                "ssl_cert_password": "",
                "ssl_enabled": false,
                "subnet_id": "65927985-9a49-48d0-9e7b-620f73126dc4",
                "user": "root"
              }
            ],
            "destination_db_readnoly": true,
            "direction": "up",
            "engine_type": "mysql",
            "enterprise_project_id": null,
            "expired_days": 14,
            "force_destroy": true,
            "id": "ebf33790-5d7b-4bc2-a2d3-9a44495jb101",
            "limit_speed": [],
            "migrate_definer": true,
            "migration_type": "FULL_INCR_TRANS",
            "multi_write": false,
            "name": "wordpress",
            "net_type": "eip",
            "private_ip": "172.16.1.146",
            "public_ip": "119.13.76.13",
            "region": "ap-southeast-1",
            "source_db": [
              {
                "engine_type": "mysql",
                "instance_id": "",
                "ip": "122.8.151.104",
                "name": "",
                "password": "",
                "port": 3310,
                "region": "",
                "ssl_cert_check_sum": "",
                "ssl_cert_key": "",
                "ssl_cert_name": "",
                "ssl_cert_password": "",
                "ssl_enabled": false,
                "subnet_id": "",
                "user": "root"
              }
            ],
            "start_time": null,
            "status": "FULL_TRANSFER_STARTED",
            "tags": null,
            "timeouts": null,
            "type": "migration"
          },
          "sensitive_attributes": [],
          "private": "eyJlMmJmYjczMC1lY2FhLTExZTYtOGY4OC0zNDM2M2JjN2M0YzAiOnsiY3JlYXRlIjoxODAwMDAwMDAwMDAwLCJkZWxldGUiOjYwMDAwMDAwMDAwMH19",
          "dependencies": [
            "module.rds.huaweicloud_rds_instance.hk_rds_instance",
            "module.rds.huaweicloud_vpc_eip.myeip",
            "module.sg.huaweicloud_networking_secgroup.hk_sg_db",
            "module.vpc.huaweicloud_vpc.vpc_db_dr",
            "module.vpc.huaweicloud_vpc_subnet.subnet_db_dr"
          ]
        }
      ]
    },
    {
      "module": "module.ecs",
      "mode": "data",
      "type": "huaweicloud_compute_flavors",
      "name": "myflavor",
      "provider": "provider[\"registry.terraform.io/huaweicloud/huaweicloud\"]",
      "instances": [
        {
          "schema_version": 0,
          "attributes": {
            "availability_zone": "ap-southeast-2a",
            "cpu_core_count": 2,
            "generation": null,
            "id": "2797063393",
            "ids": [
              "s3.large.2",
              "s6.large.2"
            ],
            "memory_size": 4,
            "performance_type": "normal",
            "region": "ap-southeast-2"
          },
          "sensitive_attributes": []
        }
      ]
    },
    {
      "module": "module.ecs",
      "mode": "managed",
      "type": "huaweicloud_compute_instance",
      "name": "connection_test_db_bkk",
      "provider": "provider[\"registry.terraform.io/huaweicloud/huaweicloud\"]",
      "instances": [
        {
          "schema_version": 0,
          "attributes": {
            "access_ip_v4": "172.16.0.43",
            "access_ip_v6": "",
            "admin_pass": "P@ssw0rdHCIE0lab999",
            "agency_name": "",
            "agent_list": "",
            "auto_pay": null,
            "auto_renew": null,
            "availability_zone": "ap-southeast-2b",
            "bandwidth": [],
            "block_device": [],
            "charging_mode": "postPaid",
            "data_disks": [],
            "delete_disks_on_termination": null,
            "delete_eip_on_termination": true,
            "eip_id": null,
            "eip_type": null,
            "enterprise_project_id": "0",
            "flavor_id": "s3.large.2",
            "flavor_name": "s3.large.2",
            "id": "f0c465a3-5cb0-4ffa-919f-0cef5a47323b",
            "image_id": "6b33903d-c3ef-4d00-bf9d-9535cb9dd42f",
            "image_name": "CentOS 7.6 64bit",
            "key_pair": null,
            "metadata": null,
            "name": "db_connection_test_bkk",
            "network": [
              {
                "access_network": false,
                "fixed_ip_v4": "172.16.0.43",
                "fixed_ip_v6": "",
                "ipv6_enable": false,
                "mac": "fa:16:3e:ec:dc:07",
                "port": "e62ff879-f49d-4148-a157-3514cc7a8f1d",
                "source_dest_check": true,
                "uuid": "c210d303-7b5a-43f1-8bee-10bd0c0c41b7"
              }
            ],
            "period": null,
            "period_unit": null,
            "power_action": null,
            "private_key": null,
            "public_ip": null,
            "region": "ap-southeast-2",
            "scheduler_hints": [],
            "security_group_ids": [
              "09630e5b-276d-4360-8dec-ea35d33fbe57"
            ],
            "security_groups": [
              "sg_db"
            ],
            "spot_duration": null,
            "spot_duration_count": null,
            "spot_maximum_price": null,
            "status": "ACTIVE",
            "stop_before_destroy": false,
            "system_disk_id": "9ff72eed-e0f4-4a06-9b82-24d404a698dd",
            "system_disk_size": 40,
            "system_disk_type": "GPSSD",
            "tags": null,
            "timeouts": null,
            "user_data": null,
            "user_id": null,
            "volume_attached": [
              {
                "boot_index": 0,
                "pci_address": "0000:02:01.0",
                "size": 40,
                "type": "GPSSD",
                "volume_id": "9ff72eed-e0f4-4a06-9b82-24d404a698dd"
              }
            ]
          },
          "sensitive_attributes": [],
          "private": "eyJlMmJmYjczMC1lY2FhLTExZTYtOGY4OC0zNDM2M2JjN2M0YzAiOnsiY3JlYXRlIjoxODAwMDAwMDAwMDAwLCJkZWxldGUiOjE4MDAwMDAwMDAwMDAsInVwZGF0ZSI6MTgwMDAwMDAwMDAwMH19",
          "dependencies": [
            "module.ecs.data.huaweicloud_compute_flavors.myflavor",
            "module.vpc.huaweicloud_vpc.vpc_db_active",
            "module.vpc.huaweicloud_vpc_subnet.subnet_db"
          ]
        }
      ]
    },
    {
      "module": "module.ecs",
      "mode": "managed",
      "type": "huaweicloud_compute_instance",
      "name": "connection_test_db_hk",
      "provider": "provider[\"registry.terraform.io/huaweicloud/huaweicloud\"]",
      "instances": [
        {
          "schema_version": 0,
          "attributes": {
            "access_ip_v4": "172.16.1.223",
            "access_ip_v6": "",
            "admin_pass": "P@ssw0rdHCIE0lab999",
            "agency_name": "",
            "agent_list": "",
            "auto_pay": null,
            "auto_renew": null,
            "availability_zone": "ap-southeast-1b",
            "bandwidth": [],
            "block_device": [],
            "charging_mode": "postPaid",
            "data_disks": [],
            "delete_disks_on_termination": null,
            "delete_eip_on_termination": true,
            "eip_id": null,
            "eip_type": null,
            "enterprise_project_id": "0",
            "flavor_id": "s3.large.2",
            "flavor_name": "s3.large.2",
            "id": "372cd93f-e756-4ee5-ad8e-421ba0e5f24a",
            "image_id": "5be19e6d-80ef-4e9d-96a2-ec1b8438065d",
            "image_name": "CentOS 7.6 64bit",
            "key_pair": null,
            "metadata": null,
            "name": "db_connection_test_hk",
            "network": [
              {
                "access_network": false,
                "fixed_ip_v4": "172.16.1.223",
                "fixed_ip_v6": "",
                "ipv6_enable": false,
                "mac": "fa:16:3e:23:14:f2",
                "port": "6b6e6947-6f81-4fba-ba80-66e04c979db3",
                "source_dest_check": true,
                "uuid": "65927985-9a49-48d0-9e7b-620f73126dc4"
              }
            ],
            "period": null,
            "period_unit": null,
            "power_action": null,
            "private_key": null,
            "public_ip": null,
            "region": "ap-southeast-1",
            "scheduler_hints": [],
            "security_group_ids": [
              "6a4f3114-b32f-4df5-8317-1e618978e56b"
            ],
            "security_groups": [
              "sg_db"
            ],
            "spot_duration": null,
            "spot_duration_count": null,
            "spot_maximum_price": null,
            "status": "ACTIVE",
            "stop_before_destroy": false,
            "system_disk_id": "29169b02-8554-435f-805f-0325d096fb1d",
            "system_disk_size": 40,
            "system_disk_type": "GPSSD",
            "tags": null,
            "timeouts": null,
            "user_data": null,
            "user_id": null,
            "volume_attached": [
              {
                "boot_index": 0,
                "pci_address": "0000:02:01.0",
                "size": 40,
                "type": "GPSSD",
                "volume_id": "29169b02-8554-435f-805f-0325d096fb1d"
              }
            ]
          },
          "sensitive_attributes": [],
          "private": "eyJlMmJmYjczMC1lY2FhLTExZTYtOGY4OC0zNDM2M2JjN2M0YzAiOnsiY3JlYXRlIjoxODAwMDAwMDAwMDAwLCJkZWxldGUiOjE4MDAwMDAwMDAwMDAsInVwZGF0ZSI6MTgwMDAwMDAwMDAwMH19",
          "dependencies": [
            "module.ecs.data.huaweicloud_compute_flavors.myflavor",
            "module.vpc.huaweicloud_vpc.vpc_db_dr",
            "module.vpc.huaweicloud_vpc_subnet.subnet_db_dr"
          ]
        }
      ]
    },
    {
      "module": "module.ecs",
      "mode": "managed",
      "type": "huaweicloud_compute_instance",
      "name": "connection_test_web_bkk",
      "provider": "provider[\"registry.terraform.io/huaweicloud/huaweicloud\"]",
      "instances": [
        {
          "schema_version": 0,
          "attributes": {
            "access_ip_v4": "192.168.0.207",
            "access_ip_v6": "",
            "admin_pass": "P@ssw0rdHCIE0lab999",
            "agency_name": "",
            "agent_list": "",
            "auto_pay": null,
            "auto_renew": null,
            "availability_zone": "ap-southeast-2b",
            "bandwidth": [],
            "block_device": [],
            "charging_mode": "postPaid",
            "data_disks": [],
            "delete_disks_on_termination": null,
            "delete_eip_on_termination": true,
            "eip_id": null,
            "eip_type": null,
            "enterprise_project_id": "0",
            "flavor_id": "s3.large.2",
            "flavor_name": "s3.large.2",
            "id": "f504d07b-d10f-4a95-96a4-1062070513b2",
            "image_id": "6b33903d-c3ef-4d00-bf9d-9535cb9dd42f",
            "image_name": "CentOS 7.6 64bit",
            "key_pair": null,
            "metadata": null,
            "name": "web_connection_test_bkk",
            "network": [
              {
                "access_network": false,
                "fixed_ip_v4": "192.168.0.207",
                "fixed_ip_v6": "",
                "ipv6_enable": false,
                "mac": "fa:16:3e:aa:02:d1",
                "port": "05d209cc-cace-46e0-92ce-9bca189889e2",
                "source_dest_check": true,
                "uuid": "d0ad6089-612a-4ee0-9d07-4db14edcb708"
              }
            ],
            "period": null,
            "period_unit": null,
            "power_action": null,
            "private_key": null,
            "public_ip": null,
            "region": "ap-southeast-2",
            "scheduler_hints": [],
            "security_group_ids": [
              "2c9b8b14-6681-4a20-8363-7fe9cd607922"
            ],
            "security_groups": [
              "sg_web"
            ],
            "spot_duration": null,
            "spot_duration_count": null,
            "spot_maximum_price": null,
            "status": "ACTIVE",
            "stop_before_destroy": false,
            "system_disk_id": "02e6e37b-512b-47b9-b836-7b4bbe0ee25b",
            "system_disk_size": 40,
            "system_disk_type": "GPSSD",
            "tags": null,
            "timeouts": null,
            "user_data": null,
            "user_id": null,
            "volume_attached": [
              {
                "boot_index": 0,
                "pci_address": "0000:02:01.0",
                "size": 40,
                "type": "GPSSD",
                "volume_id": "02e6e37b-512b-47b9-b836-7b4bbe0ee25b"
              }
            ]
          },
          "sensitive_attributes": [],
          "private": "eyJlMmJmYjczMC1lY2FhLTExZTYtOGY4OC0zNDM2M2JjN2M0YzAiOnsiY3JlYXRlIjoxODAwMDAwMDAwMDAwLCJkZWxldGUiOjE4MDAwMDAwMDAwMDAsInVwZGF0ZSI6MTgwMDAwMDAwMDAwMH19",
          "dependencies": [
            "module.ecs.data.huaweicloud_compute_flavors.myflavor",
            "module.vpc.huaweicloud_vpc.vpc_web_active",
            "module.vpc.huaweicloud_vpc_subnet.subnet_web"
          ]
        }
      ]
    },
    {
      "module": "module.ecs",
      "mode": "managed",
      "type": "huaweicloud_compute_instance",
      "name": "connection_test_web_hk",
      "provider": "provider[\"registry.terraform.io/huaweicloud/huaweicloud\"]",
      "instances": [
        {
          "schema_version": 0,
          "attributes": {
            "access_ip_v4": "192.168.1.147",
            "access_ip_v6": "",
            "admin_pass": "P@ssw0rdHCIE0lab999",
            "agency_name": "",
            "agent_list": "",
            "auto_pay": null,
            "auto_renew": null,
            "availability_zone": "ap-southeast-1b",
            "bandwidth": [],
            "block_device": [],
            "charging_mode": "postPaid",
            "data_disks": [],
            "delete_disks_on_termination": null,
            "delete_eip_on_termination": true,
            "eip_id": null,
            "eip_type": null,
            "enterprise_project_id": "0",
            "flavor_id": "s3.large.2",
            "flavor_name": "s3.large.2",
            "id": "765d9c4d-44b2-4152-a24c-f8c3d834374c",
            "image_id": "5be19e6d-80ef-4e9d-96a2-ec1b8438065d",
            "image_name": "CentOS 7.6 64bit",
            "key_pair": null,
            "metadata": null,
            "name": "web_connection_test_hk",
            "network": [
              {
                "access_network": false,
                "fixed_ip_v4": "192.168.1.147",
                "fixed_ip_v6": "",
                "ipv6_enable": false,
                "mac": "fa:16:3e:7f:d8:6a",
                "port": "fdbec3e7-01de-4159-af43-35e51b84cc76",
                "source_dest_check": true,
                "uuid": "1cc338d3-d13d-40e2-acae-e015654286ef"
              }
            ],
            "period": null,
            "period_unit": null,
            "power_action": null,
            "private_key": null,
            "public_ip": null,
            "region": "ap-southeast-1",
            "scheduler_hints": [],
            "security_group_ids": [
              "5f70c1a5-21c6-4b4a-aa9b-1e9ee9e49590"
            ],
            "security_groups": [
              "sg_web"
            ],
            "spot_duration": null,
            "spot_duration_count": null,
            "spot_maximum_price": null,
            "status": "ACTIVE",
            "stop_before_destroy": false,
            "system_disk_id": "0c4af3e6-c13c-4ed1-b890-d28abc36ecae",
            "system_disk_size": 40,
            "system_disk_type": "GPSSD",
            "tags": null,
            "timeouts": null,
            "user_data": null,
            "user_id": null,
            "volume_attached": [
              {
                "boot_index": 0,
                "pci_address": "0000:02:01.0",
                "size": 40,
                "type": "GPSSD",
                "volume_id": "0c4af3e6-c13c-4ed1-b890-d28abc36ecae"
              }
            ]
          },
          "sensitive_attributes": [],
          "private": "eyJlMmJmYjczMC1lY2FhLTExZTYtOGY4OC0zNDM2M2JjN2M0YzAiOnsiY3JlYXRlIjoxODAwMDAwMDAwMDAwLCJkZWxldGUiOjE4MDAwMDAwMDAwMDAsInVwZGF0ZSI6MTgwMDAwMDAwMDAwMH19",
          "dependencies": [
            "module.ecs.data.huaweicloud_compute_flavors.myflavor",
            "module.vpc.huaweicloud_vpc.vpc_web_branch",
            "module.vpc.huaweicloud_vpc_subnet.subnet_web_branch"
          ]
        }
      ]
    },
    {
      "module": "module.ecs",
      "mode": "managed",
      "type": "huaweicloud_vpc_eip",
      "name": "ecs_eip",
      "provider": "provider[\"registry.terraform.io/huaweicloud/huaweicloud\"]",
      "instances": [
        {
          "schema_version": 0,
          "attributes": {
            "address": "122.8.154.13",
            "auto_pay": null,
            "auto_renew": null,
            "bandwidth": [
              {
                "charge_mode": "traffic",
                "id": "12da6b6f-bb8f-42a0-b98a-6b4d9d15e7f3",
                "name": "mybandwidth",
                "share_type": "PER",
                "size": 8
              }
            ],
            "charging_mode": null,
            "enterprise_project_id": "0",
            "id": "02bfdc1d-3edd-4860-9a61-c9fce17d5560",
            "ipv6_address": "",
            "name": "",
            "period": null,
            "period_unit": null,
            "port_id": "",
            "private_ip": "",
            "publicip": [
              {
                "ip_address": "122.8.154.13",
                "ip_version": 4,
                "port_id": "",
                "type": "5_bgp"
              }
            ],
            "region": "ap-southeast-2",
            "status": "UNBOUND",
            "tags": null,
            "timeouts": null
          },
          "sensitive_attributes": [],
          "private": "eyJlMmJmYjczMC1lY2FhLTExZTYtOGY4OC0zNDM2M2JjN2M0YzAiOnsiY3JlYXRlIjo2MDAwMDAwMDAwMDAsImRlbGV0ZSI6MzAwMDAwMDAwMDAwLCJ1cGRhdGUiOjMwMDAwMDAwMDAwMH19"
        }
      ]
    },
    {
      "module": "module.elb",
      "mode": "managed",
      "type": "huaweicloud_lb_listener",
      "name": "listener_bkk",
      "provider": "provider[\"registry.terraform.io/huaweicloud/huaweicloud\"]",
      "instances": [
        {
          "schema_version": 0,
          "attributes": {
            "admin_state_up": true,
            "connection_limit": -1,
            "default_pool_id": "",
            "default_tls_container_ref": "",
            "description": "",
            "http2_enable": false,
            "id": "64ef6ce7-996d-4287-9020-aca2379e495c",
            "loadbalancer_id": "402a21c8-5b95-4311-9cc2-a2a33bcbcb0b",
            "name": "",
            "protocol": "HTTP",
            "protocol_port": 8080,
            "region": "ap-southeast-2",
            "sni_container_refs": null,
            "tags": null,
            "tenant_id": "05df630d2c800f7b2ffdc007e96613df",
            "timeouts": null
          },
          "sensitive_attributes": [],
          "private": "eyJlMmJmYjczMC1lY2FhLTExZTYtOGY4OC0zNDM2M2JjN2M0YzAiOnsiY3JlYXRlIjo2MDAwMDAwMDAwMDAsImRlbGV0ZSI6NjAwMDAwMDAwMDAwLCJ1cGRhdGUiOjYwMDAwMDAwMDAwMH19",
          "dependencies": [
            "module.elb.huaweicloud_lb_loadbalancer.lb_bkk",
            "module.vpc.huaweicloud_vpc.vpc_web_active",
            "module.vpc.huaweicloud_vpc_subnet.subnet_web"
          ]
        }
      ]
    },
    {
      "module": "module.elb",
      "mode": "managed",
      "type": "huaweicloud_lb_listener",
      "name": "listener_hk",
      "provider": "provider[\"registry.terraform.io/huaweicloud/huaweicloud\"]",
      "instances": [
        {
          "schema_version": 0,
          "attributes": {
            "admin_state_up": true,
            "connection_limit": -1,
            "default_pool_id": "",
            "default_tls_container_ref": "",
            "description": "",
            "http2_enable": false,
            "id": "1add429b-64b9-42a2-831b-5f0332eb6787",
            "loadbalancer_id": "47e4c200-04f4-44f6-b710-6c6136d0ee85",
            "name": "",
            "protocol": "HTTP",
            "protocol_port": 8080,
            "region": "ap-southeast-1",
            "sni_container_refs": null,
            "tags": null,
            "tenant_id": "05609fafe08026232f4ac0070d2830c4",
            "timeouts": null
          },
          "sensitive_attributes": [],
          "private": "eyJlMmJmYjczMC1lY2FhLTExZTYtOGY4OC0zNDM2M2JjN2M0YzAiOnsiY3JlYXRlIjo2MDAwMDAwMDAwMDAsImRlbGV0ZSI6NjAwMDAwMDAwMDAwLCJ1cGRhdGUiOjYwMDAwMDAwMDAwMH19",
          "dependencies": [
            "module.elb.huaweicloud_lb_loadbalancer.lb_hk",
            "module.vpc.huaweicloud_vpc.vpc_web_branch",
            "module.vpc.huaweicloud_vpc_subnet.subnet_web_branch"
          ]
        }
      ]
    },
    {
      "module": "module.elb",
      "mode": "managed",
      "type": "huaweicloud_lb_loadbalancer",
      "name": "lb_bkk",
      "provider": "provider[\"registry.terraform.io/huaweicloud/huaweicloud\"]",
      "instances": [
        {
          "schema_version": 0,
          "attributes": {
            "admin_state_up": true,
            "description": "",
            "enterprise_project_id": "0",
            "flavor": "",
            "id": "402a21c8-5b95-4311-9cc2-a2a33bcbcb0b",
            "loadbalancer_provider": "vlb",
            "name": "wordpress",
            "region": "ap-southeast-2",
            "security_group_ids": [
              "55a300ff-a150-4966-8585-ad9cf3ff9e36"
            ],
            "tags": null,
            "tenant_id": "05df630d2c800f7b2ffdc007e96613df",
            "timeouts": null,
            "vip_address": "192.168.0.169",
            "vip_port_id": "c21e03c4-9845-478b-a38b-6831c83c31aa",
            "vip_subnet_id": "af17238d-9e9f-4cab-b4f8-92c886451022"
          },
          "sensitive_attributes": [],
          "private": "eyJlMmJmYjczMC1lY2FhLTExZTYtOGY4OC0zNDM2M2JjN2M0YzAiOnsiY3JlYXRlIjo2MDAwMDAwMDAwMDAsImRlbGV0ZSI6MzAwMDAwMDAwMDAwLCJ1cGRhdGUiOjYwMDAwMDAwMDAwMH19",
          "dependencies": [
            "module.vpc.huaweicloud_vpc.vpc_web_active",
            "module.vpc.huaweicloud_vpc_subnet.subnet_web"
          ]
        }
      ]
    },
    {
      "module": "module.elb",
      "mode": "managed",
      "type": "huaweicloud_lb_loadbalancer",
      "name": "lb_hk",
      "provider": "provider[\"registry.terraform.io/huaweicloud/huaweicloud\"]",
      "instances": [
        {
          "schema_version": 0,
          "attributes": {
            "admin_state_up": true,
            "description": "",
            "enterprise_project_id": "0",
            "flavor": "",
            "id": "47e4c200-04f4-44f6-b710-6c6136d0ee85",
            "loadbalancer_provider": "vlb",
            "name": "wordpress",
            "region": "ap-southeast-1",
            "security_group_ids": [
              "3dd942de-e26f-4a61-85c5-8aae5bb88784"
            ],
            "tags": null,
            "tenant_id": "05609fafe08026232f4ac0070d2830c4",
            "timeouts": null,
            "vip_address": "192.168.1.122",
            "vip_port_id": "4062485e-d9e8-4fd0-b19d-944fa1e5067e",
            "vip_subnet_id": "efe24923-c916-4c17-aa59-cec54f09fd79"
          },
          "sensitive_attributes": [],
          "private": "eyJlMmJmYjczMC1lY2FhLTExZTYtOGY4OC0zNDM2M2JjN2M0YzAiOnsiY3JlYXRlIjo2MDAwMDAwMDAwMDAsImRlbGV0ZSI6MzAwMDAwMDAwMDAwLCJ1cGRhdGUiOjYwMDAwMDAwMDAwMH19",
          "dependencies": [
            "module.vpc.huaweicloud_vpc.vpc_web_branch",
            "module.vpc.huaweicloud_vpc_subnet.subnet_web_branch"
          ]
        }
      ]
    },
    {
      "module": "module.elb",
      "mode": "managed",
      "type": "huaweicloud_lb_pool",
      "name": "pool_bkk",
      "provider": "provider[\"registry.terraform.io/huaweicloud/huaweicloud\"]",
      "instances": [
        {
          "schema_version": 0,
          "attributes": {
            "admin_state_up": true,
            "description": "",
            "id": "a69bd919-84ba-4d69-a8e4-c881f3362d1e",
            "lb_method": "LEAST_CONNECTIONS",
            "listener_id": "64ef6ce7-996d-4287-9020-aca2379e495c",
            "loadbalancer_id": "402a21c8-5b95-4311-9cc2-a2a33bcbcb0b",
            "name": "",
            "persistence": [],
            "protocol": "HTTP",
            "region": "ap-southeast-2",
            "tenant_id": "05df630d2c800f7b2ffdc007e96613df",
            "timeouts": null
          },
          "sensitive_attributes": [],
          "private": "eyJlMmJmYjczMC1lY2FhLTExZTYtOGY4OC0zNDM2M2JjN2M0YzAiOnsiY3JlYXRlIjo2MDAwMDAwMDAwMDAsImRlbGV0ZSI6NjAwMDAwMDAwMDAwLCJ1cGRhdGUiOjYwMDAwMDAwMDAwMH19",
          "dependencies": [
            "module.elb.huaweicloud_lb_listener.listener_bkk",
            "module.elb.huaweicloud_lb_loadbalancer.lb_bkk",
            "module.vpc.huaweicloud_vpc.vpc_web_active",
            "module.vpc.huaweicloud_vpc_subnet.subnet_web"
          ]
        }
      ]
    },
    {
      "module": "module.elb",
      "mode": "managed",
      "type": "huaweicloud_lb_pool",
      "name": "pool_hk",
      "provider": "provider[\"registry.terraform.io/huaweicloud/huaweicloud\"]",
      "instances": [
        {
          "schema_version": 0,
          "attributes": {
            "admin_state_up": true,
            "description": "",
            "id": "de57a111-b1f3-447f-a98e-cdb7a0fe1b6c",
            "lb_method": "LEAST_CONNECTIONS",
            "listener_id": "1add429b-64b9-42a2-831b-5f0332eb6787",
            "loadbalancer_id": "47e4c200-04f4-44f6-b710-6c6136d0ee85",
            "name": "",
            "persistence": [],
            "protocol": "HTTP",
            "region": "ap-southeast-1",
            "tenant_id": "05609fafe08026232f4ac0070d2830c4",
            "timeouts": null
          },
          "sensitive_attributes": [],
          "private": "eyJlMmJmYjczMC1lY2FhLTExZTYtOGY4OC0zNDM2M2JjN2M0YzAiOnsiY3JlYXRlIjo2MDAwMDAwMDAwMDAsImRlbGV0ZSI6NjAwMDAwMDAwMDAwLCJ1cGRhdGUiOjYwMDAwMDAwMDAwMH19",
          "dependencies": [
            "module.elb.huaweicloud_lb_listener.listener_hk",
            "module.elb.huaweicloud_lb_loadbalancer.lb_hk",
            "module.vpc.huaweicloud_vpc.vpc_web_branch",
            "module.vpc.huaweicloud_vpc_subnet.subnet_web_branch"
          ]
        }
      ]
    },
    {
      "module": "module.nat",
      "mode": "managed",
      "type": "huaweicloud_nat_gateway",
      "name": "nat",
      "provider": "provider[\"registry.terraform.io/huaweicloud/huaweicloud\"]",
      "instances": [
        {
          "schema_version": 0,
          "attributes": {
            "description": "test for terraform",
            "enterprise_project_id": "0",
            "id": "771c5441-f1a1-4e6e-b7bb-0ab2ba04d4e4",
            "internal_network_id": null,
            "name": "wordpresss",
            "region": "ap-southeast-2",
            "router_id": null,
            "spec": "3",
            "status": "ACTIVE",
            "subnet_id": "d0ad6089-612a-4ee0-9d07-4db14edcb708",
            "timeouts": null,
            "vpc_id": "6e77d437-e958-4d74-8076-bb5f0202ac02"
          },
          "sensitive_attributes": [],
          "private": "eyJlMmJmYjczMC1lY2FhLTExZTYtOGY4OC0zNDM2M2JjN2M0YzAiOnsiY3JlYXRlIjo2MDAwMDAwMDAwMDAsImRlbGV0ZSI6NjAwMDAwMDAwMDAwfX0=",
          "dependencies": [
            "module.vpc.huaweicloud_vpc.vpc_web_active",
            "module.vpc.huaweicloud_vpc_subnet.subnet_web"
          ]
        }
      ]
    },
    {
      "module": "module.rds",
      "mode": "data",
      "type": "huaweicloud_networking_port",
      "name": "rds_port",
      "provider": "provider[\"registry.terraform.io/huaweicloud/huaweicloud\"]",
      "instances": [
        {
          "schema_version": 0,
          "attributes": {
            "admin_state_up": true,
            "all_allowed_ips": [
              "192.168.0.107",
              "192.168.0.181"
            ],
            "all_fixed_ips": [
              "192.168.0.15"
            ],
            "all_security_group_ids": [
              "09630e5b-276d-4360-8dec-ea35d33fbe57"
            ],
            "device_id": "",
            "device_owner": "neutron:VIP_PORT",
            "fixed_ip": "192.168.0.15",
            "id": "88d31ea5-d70f-49af-ab4c-b175539808c9",
            "mac_address": "fa:16:3e:aa:02:11",
            "name": "",
            "network_id": "d0ad6089-612a-4ee0-9d07-4db14edcb708",
            "port_id": "88d31ea5-d70f-49af-ab4c-b175539808c9",
            "project_id": null,
            "region": "ap-southeast-2",
            "security_group_ids": null,
            "status": "DOWN",
            "tenant_id": null
          },
          "sensitive_attributes": []
        }
      ]
    },
    {
      "module": "module.rds",
      "mode": "managed",
      "type": "huaweicloud_rds_database",
      "name": "wordpress_database_bkk",
      "provider": "provider[\"registry.terraform.io/huaweicloud/huaweicloud\"]",
      "instances": [
        {
          "schema_version": 0,
          "attributes": {
            "character_set": "utf8",
            "description": "wordpress database creation",
            "id": "1f9782f0135445c1b161d9d3d13b8ac2in01/wordpress",
            "instance_id": "1f9782f0135445c1b161d9d3d13b8ac2in01",
            "name": "wordpress",
            "region": null
          },
          "sensitive_attributes": [],
          "private": "bnVsbA==",
          "dependencies": [
            "module.rds.huaweicloud_rds_instance.bkk_rds_instance",
            "module.sg.huaweicloud_networking_secgroup.bkk_sg_db",
            "module.vpc.huaweicloud_vpc.vpc_web_active",
            "module.vpc.huaweicloud_vpc_subnet.subnet_web"
          ]
        }
      ]
    },
    {
      "module": "module.rds",
      "mode": "managed",
      "type": "huaweicloud_rds_instance",
      "name": "bkk_rds_instance",
      "provider": "provider[\"registry.terraform.io/huaweicloud/huaweicloud\"]",
      "instances": [
        {
          "schema_version": 0,
          "attributes": {
            "auto_pay": null,
            "auto_renew": null,
            "availability_zone": [
              "ap-southeast-2a",
              "ap-southeast-2b"
            ],
            "backup_strategy": [
              {
                "keep_days": 3,
                "start_time": "01:00-02:00"
              }
            ],
            "charging_mode": "postPaid",
            "collation": null,
            "created": "2023-01-16T08:55:04+0000",
            "db": [
              {
                "password": "P@ssw0rdHCIE0lab999",
                "port": 3310,
                "type": "MySQL",
                "user_name": "root",
                "version": "5.7"
              }
            ],
            "enterprise_project_id": "0",
            "fixed_ip": "192.168.0.15",
            "flavor": "rds.mysql.n1.large.2.ha",
            "ha_replication_mode": "async",
            "id": "1f9782f0135445c1b161d9d3d13b8ac2in01",
            "name": "wordpress",
            "nodes": [
              {
                "availability_zone": "ap-southeast-2a",
                "id": "26f7c91d03ed4a3c9a36034362937f38no01",
                "name": "wordpress_node0",
                "role": "master",
                "status": "ACTIVE"
              },
              {
                "availability_zone": "ap-southeast-2b",
                "id": "6cdae9382e9f436e82e0625776d387b0no01",
                "name": "wordpress_node1",
                "role": "slave",
                "status": "ACTIVE"
              }
            ],
            "param_group_id": null,
            "period": null,
            "period_unit": null,
            "private_ips": [
              "192.168.0.15"
            ],
            "public_ips": [],
            "region": "ap-southeast-2",
            "security_group_id": "09630e5b-276d-4360-8dec-ea35d33fbe57",
            "ssl_enable": null,
            "status": "ACTIVE",
            "subnet_id": "d0ad6089-612a-4ee0-9d07-4db14edcb708",
            "tags": null,
            "time_zone": "UTC",
            "timeouts": null,
            "volume": [
              {
                "disk_encryption_id": "",
                "size": 100,
                "type": "CLOUDSSD"
              }
            ],
            "vpc_id": "6e77d437-e958-4d74-8076-bb5f0202ac02"
          },
          "sensitive_attributes": [],
          "private": "eyJlMmJmYjczMC1lY2FhLTExZTYtOGY4OC0zNDM2M2JjN2M0YzAiOnsiY3JlYXRlIjoxODAwMDAwMDAwMDAwLCJkZWZhdWx0Ijo5MDAwMDAwMDAwMDAsImRlbGV0ZSI6MTgwMDAwMDAwMDAwMCwicmVhZCI6OTAwMDAwMDAwMDAwLCJ1cGRhdGUiOjE4MDAwMDAwMDAwMDB9fQ==",
          "dependencies": [
            "module.sg.huaweicloud_networking_secgroup.bkk_sg_db",
            "module.vpc.huaweicloud_vpc.vpc_web_active",
            "module.vpc.huaweicloud_vpc_subnet.subnet_web"
          ]
        }
      ]
    },
    {
      "module": "module.rds",
      "mode": "managed",
      "type": "huaweicloud_rds_instance",
      "name": "hk_rds_instance",
      "provider": "provider[\"registry.terraform.io/huaweicloud/huaweicloud\"]",
      "instances": [
        {
          "schema_version": 0,
          "attributes": {
            "auto_pay": null,
            "auto_renew": null,
            "availability_zone": [
              "ap-southeast-1a",
              "ap-southeast-1b"
            ],
            "backup_strategy": [
              {
                "keep_days": 3,
                "start_time": "01:00-02:00"
              }
            ],
            "charging_mode": "postPaid",
            "collation": null,
            "created": "2023-01-16T08:55:48+0000",
            "db": [
              {
                "password": "P@ssw0rdHCIE0lab999",
                "port": 3310,
                "type": "MySQL",
                "user_name": "root",
                "version": "5.7"
              }
            ],
            "enterprise_project_id": "0",
            "fixed_ip": "172.16.1.24",
            "flavor": "rds.mysql.n1.large.2.ha",
            "ha_replication_mode": "async",
            "id": "3307db0b05a14b7c8ee0d295ce1ea556in01",
            "name": "wordpress",
            "nodes": [
              {
                "availability_zone": "ap-southeast-1a",
                "id": "7154e5eac0d640c1a0200199624397d2no01",
                "name": "wordpress_node0",
                "role": "master",
                "status": "ACTIVE"
              },
              {
                "availability_zone": "ap-southeast-1b",
                "id": "79b8787ec0c04765bdd60ffd66a0fdddno01",
                "name": "wordpress_node1",
                "role": "slave",
                "status": "ACTIVE"
              }
            ],
            "param_group_id": null,
            "period": null,
            "period_unit": null,
            "private_ips": [
              "172.16.1.24"
            ],
            "public_ips": [],
            "region": "ap-southeast-1",
            "security_group_id": "6a4f3114-b32f-4df5-8317-1e618978e56b",
            "ssl_enable": null,
            "status": "ACTIVE",
            "subnet_id": "65927985-9a49-48d0-9e7b-620f73126dc4",
            "tags": null,
            "time_zone": "UTC",
            "timeouts": null,
            "volume": [
              {
                "disk_encryption_id": "",
                "size": 100,
                "type": "CLOUDSSD"
              }
            ],
            "vpc_id": "d1350eae-2816-42a6-9d6b-3a5d948c7a13"
          },
          "sensitive_attributes": [],
          "private": "eyJlMmJmYjczMC1lY2FhLTExZTYtOGY4OC0zNDM2M2JjN2M0YzAiOnsiY3JlYXRlIjoxODAwMDAwMDAwMDAwLCJkZWZhdWx0Ijo5MDAwMDAwMDAwMDAsImRlbGV0ZSI6MTgwMDAwMDAwMDAwMCwicmVhZCI6OTAwMDAwMDAwMDAwLCJ1cGRhdGUiOjE4MDAwMDAwMDAwMDB9fQ==",
          "dependencies": [
            "module.sg.huaweicloud_networking_secgroup.hk_sg_db",
            "module.vpc.huaweicloud_vpc.vpc_db_dr",
            "module.vpc.huaweicloud_vpc_subnet.subnet_db_dr"
          ]
        }
      ]
    },
    {
      "module": "module.rds",
      "mode": "managed",
      "type": "huaweicloud_vpc_eip",
      "name": "myeip",
      "provider": "provider[\"registry.terraform.io/huaweicloud/huaweicloud\"]",
      "instances": [
        {
          "schema_version": 0,
          "attributes": {
            "address": "122.8.151.104",
            "auto_pay": null,
            "auto_renew": null,
            "bandwidth": [
              {
                "charge_mode": "traffic",
                "id": "26db2d20-716e-4e89-9626-8d9de8905f07",
                "name": "forRDS",
                "share_type": "PER",
                "size": 5
              }
            ],
            "charging_mode": null,
            "enterprise_project_id": "0",
            "id": "08fafc47-3b28-4861-93e7-f69e4d8785aa",
            "ipv6_address": "",
            "name": "",
            "period": null,
            "period_unit": null,
            "port_id": "",
            "private_ip": "",
            "publicip": [
              {
                "ip_address": "122.8.151.104",
                "ip_version": 4,
                "port_id": "",
                "type": "5_bgp"
              }
            ],
            "region": "ap-southeast-2",
            "status": "UNBOUND",
            "tags": null,
            "timeouts": null
          },
          "sensitive_attributes": [],
          "private": "eyJlMmJmYjczMC1lY2FhLTExZTYtOGY4OC0zNDM2M2JjN2M0YzAiOnsiY3JlYXRlIjo2MDAwMDAwMDAwMDAsImRlbGV0ZSI6MzAwMDAwMDAwMDAwLCJ1cGRhdGUiOjMwMDAwMDAwMDAwMH19"
        }
      ]
    },
    {
      "module": "module.rds",
      "mode": "managed",
      "type": "huaweicloud_vpc_eip_associate",
      "name": "associated",
      "provider": "provider[\"registry.terraform.io/huaweicloud/huaweicloud\"]",
      "instances": [
        {
          "schema_version": 0,
          "attributes": {
            "fixed_ip": "192.168.0.15",
            "id": "08fafc47-3b28-4861-93e7-f69e4d8785aa",
            "mac_address": "fa:16:3e:aa:02:11",
            "network_id": "d0ad6089-612a-4ee0-9d07-4db14edcb708",
            "port_id": "88d31ea5-d70f-49af-ab4c-b175539808c9",
            "public_ip": "122.8.151.104",
            "region": "ap-southeast-2",
            "status": "BOUND",
            "timeouts": null
          },
          "sensitive_attributes": [],
          "private": "eyJlMmJmYjczMC1lY2FhLTExZTYtOGY4OC0zNDM2M2JjN2M0YzAiOnsiY3JlYXRlIjozMDAwMDAwMDAwMDAsImRlbGV0ZSI6MzAwMDAwMDAwMDAwfX0=",
          "dependencies": [
            "module.rds.data.huaweicloud_networking_port.rds_port",
            "module.rds.huaweicloud_rds_instance.bkk_rds_instance",
            "module.rds.huaweicloud_vpc_eip.myeip",
            "module.sg.huaweicloud_networking_secgroup.bkk_sg_db",
            "module.vpc.huaweicloud_vpc.vpc_web_active",
            "module.vpc.huaweicloud_vpc_subnet.subnet_web"
          ]
        }
      ]
    },
    {
      "module": "module.sg",
      "mode": "managed",
      "type": "huaweicloud_networking_secgroup",
      "name": "bkk_sg_db",
      "provider": "provider[\"registry.terraform.io/huaweicloud/huaweicloud\"]",
      "instances": [
        {
          "schema_version": 0,
          "attributes": {
            "created_at": "2023-01-16T08:49:32Z",
            "delete_default_rules": null,
            "description": "",
            "enterprise_project_id": "0",
            "id": "09630e5b-276d-4360-8dec-ea35d33fbe57",
            "name": "sg_db",
            "region": "ap-southeast-2",
            "rules": [
              {
                "action": "allow",
                "description": "",
                "direction": "egress",
                "ethertype": "IPv6",
                "id": "43f071c6-bc0f-4212-9479-42b8c33cd348",
                "port_range_max": 0,
                "port_range_min": 0,
                "ports": "",
                "priority": 100,
                "protocol": "",
                "remote_address_group_id": "",
                "remote_group_id": "",
                "remote_ip_prefix": ""
              },
              {
                "action": "allow",
                "description": "",
                "direction": "egress",
                "ethertype": "IPv4",
                "id": "b507a4cd-2505-4329-9abd-bb671b6b9d87",
                "port_range_max": 0,
                "port_range_min": 0,
                "ports": "",
                "priority": 100,
                "protocol": "",
                "remote_address_group_id": "",
                "remote_group_id": "",
                "remote_ip_prefix": ""
              },
              {
                "action": "allow",
                "description": "",
                "direction": "ingress",
                "ethertype": "IPv4",
                "id": "cb7523fc-841e-41c8-bff3-56c55a808a41",
                "port_range_max": 0,
                "port_range_min": 0,
                "ports": "",
                "priority": 100,
                "protocol": "",
                "remote_address_group_id": "",
                "remote_group_id": "09630e5b-276d-4360-8dec-ea35d33fbe57",
                "remote_ip_prefix": ""
              },
              {
                "action": "allow",
                "description": "",
                "direction": "ingress",
                "ethertype": "IPv6",
                "id": "8a268c60-759b-4b7e-86e2-b1a926afb953",
                "port_range_max": 0,
                "port_range_min": 0,
                "ports": "",
                "priority": 100,
                "protocol": "",
                "remote_address_group_id": "",
                "remote_group_id": "09630e5b-276d-4360-8dec-ea35d33fbe57",
                "remote_ip_prefix": ""
              }
            ],
            "timeouts": null,
            "updated_at": "2023-01-16T08:49:32Z"
          },
          "sensitive_attributes": [],
          "private": "eyJlMmJmYjczMC1lY2FhLTExZTYtOGY4OC0zNDM2M2JjN2M0YzAiOnsiZGVsZXRlIjo2MDAwMDAwMDAwMDB9fQ=="
        }
      ]
    },
    {
      "module": "module.sg",
      "mode": "managed",
      "type": "huaweicloud_networking_secgroup",
      "name": "bkk_sg_web",
      "provider": "provider[\"registry.terraform.io/huaweicloud/huaweicloud\"]",
      "instances": [
        {
          "schema_version": 0,
          "attributes": {
            "created_at": "2023-01-16T08:49:32Z",
            "delete_default_rules": null,
            "description": "",
            "enterprise_project_id": "0",
            "id": "2c9b8b14-6681-4a20-8363-7fe9cd607922",
            "name": "sg_web",
            "region": "ap-southeast-2",
            "rules": [
              {
                "action": "allow",
                "description": "",
                "direction": "ingress",
                "ethertype": "IPv4",
                "id": "fce6f236-4d6f-4268-8559-63e3741f0793",
                "port_range_max": 0,
                "port_range_min": 0,
                "ports": "",
                "priority": 100,
                "protocol": "",
                "remote_address_group_id": "",
                "remote_group_id": "2c9b8b14-6681-4a20-8363-7fe9cd607922",
                "remote_ip_prefix": ""
              },
              {
                "action": "allow",
                "description": "",
                "direction": "ingress",
                "ethertype": "IPv6",
                "id": "e7b841b0-6d3f-4f19-b0d0-abeb08b8263c",
                "port_range_max": 0,
                "port_range_min": 0,
                "ports": "",
                "priority": 100,
                "protocol": "",
                "remote_address_group_id": "",
                "remote_group_id": "2c9b8b14-6681-4a20-8363-7fe9cd607922",
                "remote_ip_prefix": ""
              },
              {
                "action": "allow",
                "description": "",
                "direction": "egress",
                "ethertype": "IPv4",
                "id": "a1e18df9-36eb-454f-a183-31c7b9611500",
                "port_range_max": 0,
                "port_range_min": 0,
                "ports": "",
                "priority": 100,
                "protocol": "",
                "remote_address_group_id": "",
                "remote_group_id": "",
                "remote_ip_prefix": ""
              },
              {
                "action": "allow",
                "description": "",
                "direction": "egress",
                "ethertype": "IPv6",
                "id": "fbca7891-8178-4629-8b56-29c6e6d96b1b",
                "port_range_max": 0,
                "port_range_min": 0,
                "ports": "",
                "priority": 100,
                "protocol": "",
                "remote_address_group_id": "",
                "remote_group_id": "",
                "remote_ip_prefix": ""
              }
            ],
            "timeouts": null,
            "updated_at": "2023-01-16T08:49:32Z"
          },
          "sensitive_attributes": [],
          "private": "eyJlMmJmYjczMC1lY2FhLTExZTYtOGY4OC0zNDM2M2JjN2M0YzAiOnsiZGVsZXRlIjo2MDAwMDAwMDAwMDB9fQ=="
        }
      ]
    },
    {
      "module": "module.sg",
      "mode": "managed",
      "type": "huaweicloud_networking_secgroup",
      "name": "hk_sg_db",
      "provider": "provider[\"registry.terraform.io/huaweicloud/huaweicloud\"]",
      "instances": [
        {
          "schema_version": 0,
          "attributes": {
            "created_at": "2023-01-16T08:49:32Z",
            "delete_default_rules": null,
            "description": "",
            "enterprise_project_id": "0",
            "id": "6a4f3114-b32f-4df5-8317-1e618978e56b",
            "name": "sg_db",
            "region": "ap-southeast-1",
            "rules": [
              {
                "action": "allow",
                "description": "",
                "direction": "egress",
                "ethertype": "IPv4",
                "id": "4fd565a8-1f3f-42e5-84fd-71ea01e5084b",
                "port_range_max": 0,
                "port_range_min": 0,
                "ports": "",
                "priority": 100,
                "protocol": "",
                "remote_address_group_id": "",
                "remote_group_id": "",
                "remote_ip_prefix": ""
              },
              {
                "action": "allow",
                "description": "",
                "direction": "ingress",
                "ethertype": "IPv6",
                "id": "72cd655b-4f28-4407-b8d0-8acf398e92f9",
                "port_range_max": 0,
                "port_range_min": 0,
                "ports": "",
                "priority": 100,
                "protocol": "",
                "remote_address_group_id": "",
                "remote_group_id": "6a4f3114-b32f-4df5-8317-1e618978e56b",
                "remote_ip_prefix": ""
              },
              {
                "action": "allow",
                "description": "",
                "direction": "egress",
                "ethertype": "IPv6",
                "id": "2d5fed76-e2c9-4c7a-9992-50bb03dac699",
                "port_range_max": 0,
                "port_range_min": 0,
                "ports": "",
                "priority": 100,
                "protocol": "",
                "remote_address_group_id": "",
                "remote_group_id": "",
                "remote_ip_prefix": ""
              },
              {
                "action": "allow",
                "description": "",
                "direction": "ingress",
                "ethertype": "IPv4",
                "id": "5093beb8-f424-44a7-8073-fc063ceeab56",
                "port_range_max": 0,
                "port_range_min": 0,
                "ports": "",
                "priority": 100,
                "protocol": "",
                "remote_address_group_id": "",
                "remote_group_id": "6a4f3114-b32f-4df5-8317-1e618978e56b",
                "remote_ip_prefix": ""
              }
            ],
            "timeouts": null,
            "updated_at": "2023-01-16T08:49:32Z"
          },
          "sensitive_attributes": [],
          "private": "eyJlMmJmYjczMC1lY2FhLTExZTYtOGY4OC0zNDM2M2JjN2M0YzAiOnsiZGVsZXRlIjo2MDAwMDAwMDAwMDB9fQ=="
        }
      ]
    },
    {
      "module": "module.sg",
      "mode": "managed",
      "type": "huaweicloud_networking_secgroup",
      "name": "hk_sg_web",
      "provider": "provider[\"registry.terraform.io/huaweicloud/huaweicloud\"]",
      "instances": [
        {
          "schema_version": 0,
          "attributes": {
            "created_at": "2023-01-16T08:49:32Z",
            "delete_default_rules": null,
            "description": "",
            "enterprise_project_id": "0",
            "id": "5f70c1a5-21c6-4b4a-aa9b-1e9ee9e49590",
            "name": "sg_web",
            "region": "ap-southeast-1",
            "rules": [
              {
                "action": "allow",
                "description": "",
                "direction": "egress",
                "ethertype": "IPv6",
                "id": "cd0d524f-56e3-4a56-9ad5-44d7098e2ae1",
                "port_range_max": 0,
                "port_range_min": 0,
                "ports": "",
                "priority": 100,
                "protocol": "",
                "remote_address_group_id": "",
                "remote_group_id": "",
                "remote_ip_prefix": ""
              },
              {
                "action": "allow",
                "description": "",
                "direction": "egress",
                "ethertype": "IPv4",
                "id": "7f2dbba9-259f-4fe3-9b92-156d7548a111",
                "port_range_max": 0,
                "port_range_min": 0,
                "ports": "",
                "priority": 100,
                "protocol": "",
                "remote_address_group_id": "",
                "remote_group_id": "",
                "remote_ip_prefix": ""
              },
              {
                "action": "allow",
                "description": "",
                "direction": "ingress",
                "ethertype": "IPv4",
                "id": "3b73f5f6-68f8-4a62-865e-5f7df9cc6ae9",
                "port_range_max": 0,
                "port_range_min": 0,
                "ports": "",
                "priority": 100,
                "protocol": "",
                "remote_address_group_id": "",
                "remote_group_id": "5f70c1a5-21c6-4b4a-aa9b-1e9ee9e49590",
                "remote_ip_prefix": ""
              },
              {
                "action": "allow",
                "description": "",
                "direction": "ingress",
                "ethertype": "IPv6",
                "id": "da5b4c68-531b-4978-884a-43812485ddd6",
                "port_range_max": 0,
                "port_range_min": 0,
                "ports": "",
                "priority": 100,
                "protocol": "",
                "remote_address_group_id": "",
                "remote_group_id": "5f70c1a5-21c6-4b4a-aa9b-1e9ee9e49590",
                "remote_ip_prefix": ""
              }
            ],
            "timeouts": null,
            "updated_at": "2023-01-16T08:49:32Z"
          },
          "sensitive_attributes": [],
          "private": "eyJlMmJmYjczMC1lY2FhLTExZTYtOGY4OC0zNDM2M2JjN2M0YzAiOnsiZGVsZXRlIjo2MDAwMDAwMDAwMDB9fQ=="
        }
      ]
    },
    {
      "module": "module.sg",
      "mode": "managed",
      "type": "huaweicloud_networking_secgroup_rule",
      "name": "allow_redis_https",
      "provider": "provider[\"registry.terraform.io/huaweicloud/huaweicloud\"]",
      "instances": [
        {
          "schema_version": 0,
          "attributes": {
            "action": "allow",
            "description": "",
            "direction": "ingress",
            "ethertype": "IPv4",
            "id": "2d63f604-f826-414a-960b-91216ae9fc00",
            "port_range_max": 6379,
            "port_range_min": 6379,
            "ports": "6379",
            "priority": 1,
            "protocol": "tcp",
            "region": "ap-southeast-2",
            "remote_address_group_id": "",
            "remote_group_id": "",
            "remote_ip_prefix": "0.0.0.0/0",
            "security_group_id": "09630e5b-276d-4360-8dec-ea35d33fbe57",
            "timeouts": null
          },
          "sensitive_attributes": [],
          "private": "eyJlMmJmYjczMC1lY2FhLTExZTYtOGY4OC0zNDM2M2JjN2M0YzAiOnsiZGVsZXRlIjo2MDAwMDAwMDAwMDB9fQ==",
          "dependencies": [
            "module.sg.huaweicloud_networking_secgroup.bkk_sg_db"
          ]
        }
      ]
    },
    {
      "module": "module.sg",
      "mode": "managed",
      "type": "huaweicloud_networking_secgroup_rule",
      "name": "bkk_allow_db_https",
      "provider": "provider[\"registry.terraform.io/huaweicloud/huaweicloud\"]",
      "instances": [
        {
          "schema_version": 0,
          "attributes": {
            "action": "allow",
            "description": "",
            "direction": "ingress",
            "ethertype": "IPv4",
            "id": "abe77eb8-a18e-4911-8dec-f5a2591a9b88",
            "port_range_max": 3310,
            "port_range_min": 3310,
            "ports": "3310",
            "priority": 1,
            "protocol": "tcp",
            "region": "ap-southeast-2",
            "remote_address_group_id": "",
            "remote_group_id": "",
            "remote_ip_prefix": "0.0.0.0/0",
            "security_group_id": "09630e5b-276d-4360-8dec-ea35d33fbe57",
            "timeouts": null
          },
          "sensitive_attributes": [],
          "private": "eyJlMmJmYjczMC1lY2FhLTExZTYtOGY4OC0zNDM2M2JjN2M0YzAiOnsiZGVsZXRlIjo2MDAwMDAwMDAwMDB9fQ==",
          "dependencies": [
            "module.sg.huaweicloud_networking_secgroup.bkk_sg_db"
          ]
        }
      ]
    },
    {
      "module": "module.sg",
      "mode": "managed",
      "type": "huaweicloud_networking_secgroup_rule",
      "name": "bkk_allow_db_ping",
      "provider": "provider[\"registry.terraform.io/huaweicloud/huaweicloud\"]",
      "instances": [
        {
          "schema_version": 0,
          "attributes": {
            "action": "allow",
            "description": "",
            "direction": "ingress",
            "ethertype": "IPv4",
            "id": "98d900da-83fb-41cd-8681-bf7f59dc68ab",
            "port_range_max": 0,
            "port_range_min": 0,
            "ports": "",
            "priority": 1,
            "protocol": "icmp",
            "region": "ap-southeast-2",
            "remote_address_group_id": "",
            "remote_group_id": "",
            "remote_ip_prefix": "0.0.0.0/0",
            "security_group_id": "09630e5b-276d-4360-8dec-ea35d33fbe57",
            "timeouts": null
          },
          "sensitive_attributes": [],
          "private": "eyJlMmJmYjczMC1lY2FhLTExZTYtOGY4OC0zNDM2M2JjN2M0YzAiOnsiZGVsZXRlIjo2MDAwMDAwMDAwMDB9fQ==",
          "dependencies": [
            "module.sg.huaweicloud_networking_secgroup.bkk_sg_db"
          ]
        }
      ]
    },
    {
      "module": "module.sg",
      "mode": "managed",
      "type": "huaweicloud_networking_secgroup_rule",
      "name": "bkk_allow_web_https",
      "provider": "provider[\"registry.terraform.io/huaweicloud/huaweicloud\"]",
      "instances": [
        {
          "schema_version": 0,
          "attributes": {
            "action": "allow",
            "description": "",
            "direction": "ingress",
            "ethertype": "IPv4",
            "id": "e8875c5f-6f4d-4bf9-a253-fde28c14b6a5",
            "port_range_max": 80,
            "port_range_min": 80,
            "ports": "80",
            "priority": 1,
            "protocol": "tcp",
            "region": "ap-southeast-2",
            "remote_address_group_id": "",
            "remote_group_id": "",
            "remote_ip_prefix": "0.0.0.0/0",
            "security_group_id": "2c9b8b14-6681-4a20-8363-7fe9cd607922",
            "timeouts": null
          },
          "sensitive_attributes": [],
          "private": "eyJlMmJmYjczMC1lY2FhLTExZTYtOGY4OC0zNDM2M2JjN2M0YzAiOnsiZGVsZXRlIjo2MDAwMDAwMDAwMDB9fQ==",
          "dependencies": [
            "module.sg.huaweicloud_networking_secgroup.bkk_sg_web"
          ]
        }
      ]
    },
    {
      "module": "module.sg",
      "mode": "managed",
      "type": "huaweicloud_networking_secgroup_rule",
      "name": "bkk_allow_web_ping",
      "provider": "provider[\"registry.terraform.io/huaweicloud/huaweicloud\"]",
      "instances": [
        {
          "schema_version": 0,
          "attributes": {
            "action": "allow",
            "description": "",
            "direction": "ingress",
            "ethertype": "IPv4",
            "id": "61488c59-4e2a-4871-8ed3-ea0efa43b702",
            "port_range_max": 0,
            "port_range_min": 0,
            "ports": "",
            "priority": 1,
            "protocol": "icmp",
            "region": "ap-southeast-2",
            "remote_address_group_id": "",
            "remote_group_id": "",
            "remote_ip_prefix": "0.0.0.0/0",
            "security_group_id": "2c9b8b14-6681-4a20-8363-7fe9cd607922",
            "timeouts": null
          },
          "sensitive_attributes": [],
          "private": "eyJlMmJmYjczMC1lY2FhLTExZTYtOGY4OC0zNDM2M2JjN2M0YzAiOnsiZGVsZXRlIjo2MDAwMDAwMDAwMDB9fQ==",
          "dependencies": [
            "module.sg.huaweicloud_networking_secgroup.bkk_sg_web"
          ]
        }
      ]
    },
    {
      "module": "module.sg",
      "mode": "managed",
      "type": "huaweicloud_networking_secgroup_rule",
      "name": "hk_allow_db_https",
      "provider": "provider[\"registry.terraform.io/huaweicloud/huaweicloud\"]",
      "instances": [
        {
          "schema_version": 0,
          "attributes": {
            "action": "allow",
            "description": "",
            "direction": "ingress",
            "ethertype": "IPv4",
            "id": "58f58048-c3e0-487c-9a99-610c9b82e76d",
            "port_range_max": 3310,
            "port_range_min": 3310,
            "ports": "3310",
            "priority": 1,
            "protocol": "tcp",
            "region": "ap-southeast-1",
            "remote_address_group_id": "",
            "remote_group_id": "",
            "remote_ip_prefix": "0.0.0.0/0",
            "security_group_id": "6a4f3114-b32f-4df5-8317-1e618978e56b",
            "timeouts": null
          },
          "sensitive_attributes": [],
          "private": "eyJlMmJmYjczMC1lY2FhLTExZTYtOGY4OC0zNDM2M2JjN2M0YzAiOnsiZGVsZXRlIjo2MDAwMDAwMDAwMDB9fQ==",
          "dependencies": [
            "module.sg.huaweicloud_networking_secgroup.hk_sg_db"
          ]
        }
      ]
    },
    {
      "module": "module.sg",
      "mode": "managed",
      "type": "huaweicloud_networking_secgroup_rule",
      "name": "hk_allow_db_ping",
      "provider": "provider[\"registry.terraform.io/huaweicloud/huaweicloud\"]",
      "instances": [
        {
          "schema_version": 0,
          "attributes": {
            "action": "allow",
            "description": "",
            "direction": "ingress",
            "ethertype": "IPv4",
            "id": "92eeeff4-6bcb-4078-9d8b-b5055e4287e2",
            "port_range_max": 0,
            "port_range_min": 0,
            "ports": "",
            "priority": 1,
            "protocol": "icmp",
            "region": "ap-southeast-1",
            "remote_address_group_id": "",
            "remote_group_id": "",
            "remote_ip_prefix": "0.0.0.0/0",
            "security_group_id": "6a4f3114-b32f-4df5-8317-1e618978e56b",
            "timeouts": null
          },
          "sensitive_attributes": [],
          "private": "eyJlMmJmYjczMC1lY2FhLTExZTYtOGY4OC0zNDM2M2JjN2M0YzAiOnsiZGVsZXRlIjo2MDAwMDAwMDAwMDB9fQ==",
          "dependencies": [
            "module.sg.huaweicloud_networking_secgroup.hk_sg_db"
          ]
        }
      ]
    },
    {
      "module": "module.sg",
      "mode": "managed",
      "type": "huaweicloud_networking_secgroup_rule",
      "name": "hk_allow_web_https",
      "provider": "provider[\"registry.terraform.io/huaweicloud/huaweicloud\"]",
      "instances": [
        {
          "schema_version": 0,
          "attributes": {
            "action": "allow",
            "description": "",
            "direction": "ingress",
            "ethertype": "IPv4",
            "id": "b53e887b-8c37-4579-96b4-509832e7edce",
            "port_range_max": 80,
            "port_range_min": 80,
            "ports": "80",
            "priority": 1,
            "protocol": "tcp",
            "region": "ap-southeast-1",
            "remote_address_group_id": "",
            "remote_group_id": "",
            "remote_ip_prefix": "0.0.0.0/0",
            "security_group_id": "5f70c1a5-21c6-4b4a-aa9b-1e9ee9e49590",
            "timeouts": null
          },
          "sensitive_attributes": [],
          "private": "eyJlMmJmYjczMC1lY2FhLTExZTYtOGY4OC0zNDM2M2JjN2M0YzAiOnsiZGVsZXRlIjo2MDAwMDAwMDAwMDB9fQ==",
          "dependencies": [
            "module.sg.huaweicloud_networking_secgroup.hk_sg_web"
          ]
        }
      ]
    },
    {
      "module": "module.sg",
      "mode": "managed",
      "type": "huaweicloud_networking_secgroup_rule",
      "name": "hk_allow_web_ping",
      "provider": "provider[\"registry.terraform.io/huaweicloud/huaweicloud\"]",
      "instances": [
        {
          "schema_version": 0,
          "attributes": {
            "action": "allow",
            "description": "",
            "direction": "ingress",
            "ethertype": "IPv4",
            "id": "709a9707-bbb9-4474-9b5f-40f5e3466ef5",
            "port_range_max": 0,
            "port_range_min": 0,
            "ports": "",
            "priority": 1,
            "protocol": "icmp",
            "region": "ap-southeast-1",
            "remote_address_group_id": "",
            "remote_group_id": "",
            "remote_ip_prefix": "0.0.0.0/0",
            "security_group_id": "5f70c1a5-21c6-4b4a-aa9b-1e9ee9e49590",
            "timeouts": null
          },
          "sensitive_attributes": [],
          "private": "eyJlMmJmYjczMC1lY2FhLTExZTYtOGY4OC0zNDM2M2JjN2M0YzAiOnsiZGVsZXRlIjo2MDAwMDAwMDAwMDB9fQ==",
          "dependencies": [
            "module.sg.huaweicloud_networking_secgroup.hk_sg_web"
          ]
        }
      ]
    },
    {
      "module": "module.vpc",
      "mode": "managed",
      "type": "huaweicloud_vpc",
      "name": "vpc_db_active",
      "provider": "provider[\"registry.terraform.io/huaweicloud/huaweicloud\"]",
      "instances": [
        {
          "schema_version": 0,
          "attributes": {
            "cidr": "172.16.0.0/12",
            "description": "",
            "enterprise_project_id": "0",
            "id": "c59d6ff1-3a34-42cb-94b4-6496a96e32dc",
            "name": "db_active",
            "region": "ap-southeast-2",
            "routes": [],
            "secondary_cidr": null,
            "status": "OK",
            "tags": null,
            "timeouts": null
          },
          "sensitive_attributes": [],
          "private": "eyJlMmJmYjczMC1lY2FhLTExZTYtOGY4OC0zNDM2M2JjN2M0YzAiOnsiY3JlYXRlIjo2MDAwMDAwMDAwMDAsImRlbGV0ZSI6MTgwMDAwMDAwMDAwfX0="
        }
      ]
    },
    {
      "module": "module.vpc",
      "mode": "managed",
      "type": "huaweicloud_vpc",
      "name": "vpc_db_dr",
      "provider": "provider[\"registry.terraform.io/huaweicloud/huaweicloud\"]",
      "instances": [
        {
          "schema_version": 0,
          "attributes": {
            "cidr": "172.16.0.0/12",
            "description": "",
            "enterprise_project_id": "0",
            "id": "d1350eae-2816-42a6-9d6b-3a5d948c7a13",
            "name": "db_dr",
            "region": "ap-southeast-1",
            "routes": [],
            "secondary_cidr": null,
            "status": "OK",
            "tags": null,
            "timeouts": null
          },
          "sensitive_attributes": [],
          "private": "eyJlMmJmYjczMC1lY2FhLTExZTYtOGY4OC0zNDM2M2JjN2M0YzAiOnsiY3JlYXRlIjo2MDAwMDAwMDAwMDAsImRlbGV0ZSI6MTgwMDAwMDAwMDAwfX0="
        }
      ]
    },
    {
      "module": "module.vpc",
      "mode": "managed",
      "type": "huaweicloud_vpc",
      "name": "vpc_drill_active",
      "provider": "provider[\"registry.terraform.io/huaweicloud/huaweicloud\"]",
      "instances": [
        {
          "schema_version": 0,
          "attributes": {
            "cidr": "10.0.0.0/8",
            "description": "",
            "enterprise_project_id": "0",
            "id": "b00725f2-8752-48f6-8a14-984038dee14e",
            "name": "drill_active",
            "region": "ap-southeast-2",
            "routes": [],
            "secondary_cidr": null,
            "status": "OK",
            "tags": null,
            "timeouts": null
          },
          "sensitive_attributes": [],
          "private": "eyJlMmJmYjczMC1lY2FhLTExZTYtOGY4OC0zNDM2M2JjN2M0YzAiOnsiY3JlYXRlIjo2MDAwMDAwMDAwMDAsImRlbGV0ZSI6MTgwMDAwMDAwMDAwfX0="
        }
      ]
    },
    {
      "module": "module.vpc",
      "mode": "managed",
      "type": "huaweicloud_vpc",
      "name": "vpc_web_active",
      "provider": "provider[\"registry.terraform.io/huaweicloud/huaweicloud\"]",
      "instances": [
        {
          "schema_version": 0,
          "attributes": {
            "cidr": "192.168.0.0/16",
            "description": "",
            "enterprise_project_id": "0",
            "id": "6e77d437-e958-4d74-8076-bb5f0202ac02",
            "name": "web_active",
            "region": "ap-southeast-2",
            "routes": [],
            "secondary_cidr": null,
            "status": "OK",
            "tags": null,
            "timeouts": null
          },
          "sensitive_attributes": [],
          "private": "eyJlMmJmYjczMC1lY2FhLTExZTYtOGY4OC0zNDM2M2JjN2M0YzAiOnsiY3JlYXRlIjo2MDAwMDAwMDAwMDAsImRlbGV0ZSI6MTgwMDAwMDAwMDAwfX0="
        }
      ]
    },
    {
      "module": "module.vpc",
      "mode": "managed",
      "type": "huaweicloud_vpc",
      "name": "vpc_web_branch",
      "provider": "provider[\"registry.terraform.io/huaweicloud/huaweicloud\"]",
      "instances": [
        {
          "schema_version": 0,
          "attributes": {
            "cidr": "192.168.0.0/16",
            "description": "",
            "enterprise_project_id": "0",
            "id": "0c0658e7-4dd9-4cbc-b33e-299d470e41d7",
            "name": "web_branch",
            "region": "ap-southeast-1",
            "routes": [],
            "secondary_cidr": null,
            "status": "OK",
            "tags": null,
            "timeouts": null
          },
          "sensitive_attributes": [],
          "private": "eyJlMmJmYjczMC1lY2FhLTExZTYtOGY4OC0zNDM2M2JjN2M0YzAiOnsiY3JlYXRlIjo2MDAwMDAwMDAwMDAsImRlbGV0ZSI6MTgwMDAwMDAwMDAwfX0="
        }
      ]
    },
    {
      "module": "module.vpc",
      "mode": "managed",
      "type": "huaweicloud_vpc_peering_connection",
      "name": "vpc_pearing_web_db",
      "provider": "provider[\"registry.terraform.io/huaweicloud/huaweicloud\"]",
      "instances": [
        {
          "schema_version": 0,
          "attributes": {
            "id": "b566ea26-b1d0-4f53-870b-c64baf1d2ff5",
            "name": "web_db",
            "peer_tenant_id": "05df630d2c800f7b2ffdc007e96613df",
            "peer_vpc_id": "c59d6ff1-3a34-42cb-94b4-6496a96e32dc",
            "region": "ap-southeast-2",
            "status": "ACTIVE",
            "timeouts": null,
            "vpc_id": "6e77d437-e958-4d74-8076-bb5f0202ac02"
          },
          "sensitive_attributes": [],
          "private": "eyJlMmJmYjczMC1lY2FhLTExZTYtOGY4OC0zNDM2M2JjN2M0YzAiOnsiY3JlYXRlIjo2MDAwMDAwMDAwMDAsImRlbGV0ZSI6NjAwMDAwMDAwMDAwfX0=",
          "dependencies": [
            "module.vpc.huaweicloud_vpc.vpc_db_active",
            "module.vpc.huaweicloud_vpc.vpc_web_active"
          ]
        }
      ]
    },
    {
      "module": "module.vpc",
      "mode": "managed",
      "type": "huaweicloud_vpc_peering_connection",
      "name": "vpc_pearing_web_db_hk",
      "provider": "provider[\"registry.terraform.io/huaweicloud/huaweicloud\"]",
      "instances": [
        {
          "schema_version": 0,
          "attributes": {
            "id": "03187e38-1e7f-42eb-a909-34a3e1304e22",
            "name": "web_db",
            "peer_tenant_id": "05609fafe08026232f4ac0070d2830c4",
            "peer_vpc_id": "d1350eae-2816-42a6-9d6b-3a5d948c7a13",
            "region": "ap-southeast-1",
            "status": "ACTIVE",
            "timeouts": null,
            "vpc_id": "0c0658e7-4dd9-4cbc-b33e-299d470e41d7"
          },
          "sensitive_attributes": [],
          "private": "eyJlMmJmYjczMC1lY2FhLTExZTYtOGY4OC0zNDM2M2JjN2M0YzAiOnsiY3JlYXRlIjo2MDAwMDAwMDAwMDAsImRlbGV0ZSI6NjAwMDAwMDAwMDAwfX0=",
          "dependencies": [
            "module.vpc.huaweicloud_vpc.vpc_db_dr",
            "module.vpc.huaweicloud_vpc.vpc_web_branch"
          ]
        }
      ]
    },
    {
      "module": "module.vpc",
      "mode": "managed",
      "type": "huaweicloud_vpc_route",
      "name": "peering_db_web",
      "provider": "provider[\"registry.terraform.io/huaweicloud/huaweicloud\"]",
      "instances": [
        {
          "schema_version": 0,
          "attributes": {
            "description": "",
            "destination": "192.168.0.0/24",
            "id": "2467dea6-23fc-449f-8d58-27d312026ef7/192.168.0.0/24",
            "nexthop": "b566ea26-b1d0-4f53-870b-c64baf1d2ff5",
            "region": "ap-southeast-2",
            "route_table_id": "2467dea6-23fc-449f-8d58-27d312026ef7",
            "route_table_name": "rtb-db_active",
            "timeouts": null,
            "type": "peering",
            "vpc_id": "c59d6ff1-3a34-42cb-94b4-6496a96e32dc"
          },
          "sensitive_attributes": [],
          "private": "eyJlMmJmYjczMC1lY2FhLTExZTYtOGY4OC0zNDM2M2JjN2M0YzAiOnsiY3JlYXRlIjo2MDAwMDAwMDAwMDAsImRlbGV0ZSI6NjAwMDAwMDAwMDAwfX0=",
          "dependencies": [
            "module.vpc.huaweicloud_vpc.vpc_db_active",
            "module.vpc.huaweicloud_vpc.vpc_web_active",
            "module.vpc.huaweicloud_vpc_peering_connection.vpc_pearing_web_db"
          ]
        }
      ]
    },
    {
      "module": "module.vpc",
      "mode": "managed",
      "type": "huaweicloud_vpc_route",
      "name": "peering_db_web_hk",
      "provider": "provider[\"registry.terraform.io/huaweicloud/huaweicloud\"]",
      "instances": [
        {
          "schema_version": 0,
          "attributes": {
            "description": "",
            "destination": "192.168.1.0/24",
            "id": "a722c3b3-74a2-47ba-a24c-9439059dfa80/192.168.1.0/24",
            "nexthop": "03187e38-1e7f-42eb-a909-34a3e1304e22",
            "region": "ap-southeast-1",
            "route_table_id": "a722c3b3-74a2-47ba-a24c-9439059dfa80",
            "route_table_name": "rtb-db_dr",
            "timeouts": null,
            "type": "peering",
            "vpc_id": "d1350eae-2816-42a6-9d6b-3a5d948c7a13"
          },
          "sensitive_attributes": [],
          "private": "eyJlMmJmYjczMC1lY2FhLTExZTYtOGY4OC0zNDM2M2JjN2M0YzAiOnsiY3JlYXRlIjo2MDAwMDAwMDAwMDAsImRlbGV0ZSI6NjAwMDAwMDAwMDAwfX0=",
          "dependencies": [
            "module.vpc.huaweicloud_vpc.vpc_db_dr",
            "module.vpc.huaweicloud_vpc.vpc_web_branch",
            "module.vpc.huaweicloud_vpc_peering_connection.vpc_pearing_web_db_hk"
          ]
        }
      ]
    },
    {
      "module": "module.vpc",
      "mode": "managed",
      "type": "huaweicloud_vpc_route",
      "name": "peering_web_db",
      "provider": "provider[\"registry.terraform.io/huaweicloud/huaweicloud\"]",
      "instances": [
        {
          "schema_version": 0,
          "attributes": {
            "description": "",
            "destination": "172.16.0.0/24",
            "id": "5e185e74-4b9a-48cf-8a6a-f5aba435f2b3/172.16.0.0/24",
            "nexthop": "b566ea26-b1d0-4f53-870b-c64baf1d2ff5",
            "region": "ap-southeast-2",
            "route_table_id": "5e185e74-4b9a-48cf-8a6a-f5aba435f2b3",
            "route_table_name": "rtb-web_active",
            "timeouts": null,
            "type": "peering",
            "vpc_id": "6e77d437-e958-4d74-8076-bb5f0202ac02"
          },
          "sensitive_attributes": [],
          "private": "eyJlMmJmYjczMC1lY2FhLTExZTYtOGY4OC0zNDM2M2JjN2M0YzAiOnsiY3JlYXRlIjo2MDAwMDAwMDAwMDAsImRlbGV0ZSI6NjAwMDAwMDAwMDAwfX0=",
          "dependencies": [
            "module.vpc.huaweicloud_vpc.vpc_db_active",
            "module.vpc.huaweicloud_vpc.vpc_web_active",
            "module.vpc.huaweicloud_vpc_peering_connection.vpc_pearing_web_db"
          ]
        }
      ]
    },
    {
      "module": "module.vpc",
      "mode": "managed",
      "type": "huaweicloud_vpc_route",
      "name": "peering_web_db_hk",
      "provider": "provider[\"registry.terraform.io/huaweicloud/huaweicloud\"]",
      "instances": [
        {
          "schema_version": 0,
          "attributes": {
            "description": "",
            "destination": "172.16.1.0/24",
            "id": "98cc7ecf-900c-4790-b1af-a2c62afa3f3b/172.16.1.0/24",
            "nexthop": "03187e38-1e7f-42eb-a909-34a3e1304e22",
            "region": "ap-southeast-1",
            "route_table_id": "98cc7ecf-900c-4790-b1af-a2c62afa3f3b",
            "route_table_name": "rtb-web_branch",
            "timeouts": null,
            "type": "peering",
            "vpc_id": "0c0658e7-4dd9-4cbc-b33e-299d470e41d7"
          },
          "sensitive_attributes": [],
          "private": "eyJlMmJmYjczMC1lY2FhLTExZTYtOGY4OC0zNDM2M2JjN2M0YzAiOnsiY3JlYXRlIjo2MDAwMDAwMDAwMDAsImRlbGV0ZSI6NjAwMDAwMDAwMDAwfX0=",
          "dependencies": [
            "module.vpc.huaweicloud_vpc.vpc_db_dr",
            "module.vpc.huaweicloud_vpc.vpc_web_branch",
            "module.vpc.huaweicloud_vpc_peering_connection.vpc_pearing_web_db_hk"
          ]
        }
      ]
    },
    {
      "module": "module.vpc",
      "mode": "managed",
      "type": "huaweicloud_vpc_route",
      "name": "vpc_vpn_bkk_1",
      "provider": "provider[\"registry.terraform.io/huaweicloud/huaweicloud\"]",
      "instances": [
        {
          "schema_version": 0,
          "attributes": {
            "description": "",
            "destination": "192.168.1.0/24",
            "id": "5e185e74-4b9a-48cf-8a6a-f5aba435f2b3/192.168.1.0/24",
            "nexthop": "b566ea26-b1d0-4f53-870b-c64baf1d2ff5",
            "region": "ap-southeast-2",
            "route_table_id": "5e185e74-4b9a-48cf-8a6a-f5aba435f2b3",
            "route_table_name": "rtb-web_active",
            "timeouts": null,
            "type": "peering",
            "vpc_id": "6e77d437-e958-4d74-8076-bb5f0202ac02"
          },
          "sensitive_attributes": [],
          "private": "eyJlMmJmYjczMC1lY2FhLTExZTYtOGY4OC0zNDM2M2JjN2M0YzAiOnsiY3JlYXRlIjo2MDAwMDAwMDAwMDAsImRlbGV0ZSI6NjAwMDAwMDAwMDAwfX0=",
          "dependencies": [
            "module.vpc.huaweicloud_vpc.vpc_db_active",
            "module.vpc.huaweicloud_vpc.vpc_web_active",
            "module.vpc.huaweicloud_vpc_peering_connection.vpc_pearing_web_db"
          ]
        }
      ]
    },
    {
      "module": "module.vpc",
      "mode": "managed",
      "type": "huaweicloud_vpc_route",
      "name": "vpc_vpn_bkk_2",
      "provider": "provider[\"registry.terraform.io/huaweicloud/huaweicloud\"]",
      "instances": [
        {
          "schema_version": 0,
          "attributes": {
            "description": "",
            "destination": "172.16.1.0/24",
            "id": "5e185e74-4b9a-48cf-8a6a-f5aba435f2b3/172.16.1.0/24",
            "nexthop": "b566ea26-b1d0-4f53-870b-c64baf1d2ff5",
            "region": "ap-southeast-2",
            "route_table_id": "5e185e74-4b9a-48cf-8a6a-f5aba435f2b3",
            "route_table_name": "rtb-web_active",
            "timeouts": null,
            "type": "peering",
            "vpc_id": "6e77d437-e958-4d74-8076-bb5f0202ac02"
          },
          "sensitive_attributes": [],
          "private": "eyJlMmJmYjczMC1lY2FhLTExZTYtOGY4OC0zNDM2M2JjN2M0YzAiOnsiY3JlYXRlIjo2MDAwMDAwMDAwMDAsImRlbGV0ZSI6NjAwMDAwMDAwMDAwfX0=",
          "dependencies": [
            "module.vpc.huaweicloud_vpc.vpc_db_active",
            "module.vpc.huaweicloud_vpc.vpc_web_active",
            "module.vpc.huaweicloud_vpc_peering_connection.vpc_pearing_web_db"
          ]
        }
      ]
    },
    {
      "module": "module.vpc",
      "mode": "managed",
      "type": "huaweicloud_vpc_route",
      "name": "vpc_vpn_hk_1",
      "provider": "provider[\"registry.terraform.io/huaweicloud/huaweicloud\"]",
      "instances": [
        {
          "schema_version": 0,
          "attributes": {
            "description": "",
            "destination": "172.16.0.0/24",
            "id": "a722c3b3-74a2-47ba-a24c-9439059dfa80/172.16.0.0/24",
            "nexthop": "03187e38-1e7f-42eb-a909-34a3e1304e22",
            "region": "ap-southeast-1",
            "route_table_id": "a722c3b3-74a2-47ba-a24c-9439059dfa80",
            "route_table_name": "rtb-db_dr",
            "timeouts": null,
            "type": "peering",
            "vpc_id": "d1350eae-2816-42a6-9d6b-3a5d948c7a13"
          },
          "sensitive_attributes": [],
          "private": "eyJlMmJmYjczMC1lY2FhLTExZTYtOGY4OC0zNDM2M2JjN2M0YzAiOnsiY3JlYXRlIjo2MDAwMDAwMDAwMDAsImRlbGV0ZSI6NjAwMDAwMDAwMDAwfX0=",
          "dependencies": [
            "module.vpc.huaweicloud_vpc.vpc_db_dr",
            "module.vpc.huaweicloud_vpc.vpc_web_branch",
            "module.vpc.huaweicloud_vpc_peering_connection.vpc_pearing_web_db_hk"
          ]
        }
      ]
    },
    {
      "module": "module.vpc",
      "mode": "managed",
      "type": "huaweicloud_vpc_route",
      "name": "vpc_vpn_hk_2",
      "provider": "provider[\"registry.terraform.io/huaweicloud/huaweicloud\"]",
      "instances": [
        {
          "schema_version": 0,
          "attributes": {
            "description": "",
            "destination": "192.168.0.0/24",
            "id": "a722c3b3-74a2-47ba-a24c-9439059dfa80/192.168.0.0/24",
            "nexthop": "03187e38-1e7f-42eb-a909-34a3e1304e22",
            "region": "ap-southeast-1",
            "route_table_id": "a722c3b3-74a2-47ba-a24c-9439059dfa80",
            "route_table_name": "rtb-db_dr",
            "timeouts": null,
            "type": "peering",
            "vpc_id": "d1350eae-2816-42a6-9d6b-3a5d948c7a13"
          },
          "sensitive_attributes": [],
          "private": "eyJlMmJmYjczMC1lY2FhLTExZTYtOGY4OC0zNDM2M2JjN2M0YzAiOnsiY3JlYXRlIjo2MDAwMDAwMDAwMDAsImRlbGV0ZSI6NjAwMDAwMDAwMDAwfX0=",
          "dependencies": [
            "module.vpc.huaweicloud_vpc.vpc_db_dr",
            "module.vpc.huaweicloud_vpc.vpc_web_branch",
            "module.vpc.huaweicloud_vpc_peering_connection.vpc_pearing_web_db_hk"
          ]
        }
      ]
    },
    {
      "module": "module.vpc",
      "mode": "managed",
      "type": "huaweicloud_vpc_subnet",
      "name": "subnet_db",
      "provider": "provider[\"registry.terraform.io/huaweicloud/huaweicloud\"]",
      "instances": [
        {
          "schema_version": 0,
          "attributes": {
            "availability_zone": "",
            "cidr": "172.16.0.0/24",
            "description": "",
            "dhcp_enable": true,
            "dns_list": [
              "100.125.1.250",
              "100.125.1.251"
            ],
            "gateway_ip": "172.16.0.1",
            "id": "c210d303-7b5a-43f1-8bee-10bd0c0c41b7",
            "ipv4_subnet_id": "eb3472ba-3606-444b-9235-f816808bbc34",
            "ipv6_cidr": "",
            "ipv6_enable": false,
            "ipv6_gateway": "",
            "ipv6_subnet_id": "",
            "name": "subnet_db",
            "primary_dns": "100.125.1.250",
            "region": "ap-southeast-2",
            "secondary_dns": "100.125.1.251",
            "subnet_id": "eb3472ba-3606-444b-9235-f816808bbc34",
            "tags": null,
            "timeouts": null,
            "vpc_id": "c59d6ff1-3a34-42cb-94b4-6496a96e32dc"
          },
          "sensitive_attributes": [],
          "private": "eyJlMmJmYjczMC1lY2FhLTExZTYtOGY4OC0zNDM2M2JjN2M0YzAiOnsiY3JlYXRlIjozMDAwMDAwMDAwMDAsImRlbGV0ZSI6MzAwMDAwMDAwMDAwfX0=",
          "dependencies": [
            "module.vpc.huaweicloud_vpc.vpc_db_active"
          ]
        }
      ]
    },
    {
      "module": "module.vpc",
      "mode": "managed",
      "type": "huaweicloud_vpc_subnet",
      "name": "subnet_db_dr",
      "provider": "provider[\"registry.terraform.io/huaweicloud/huaweicloud\"]",
      "instances": [
        {
          "schema_version": 0,
          "attributes": {
            "availability_zone": "",
            "cidr": "172.16.1.0/24",
            "description": "",
            "dhcp_enable": true,
            "dns_list": [
              "100.125.1.250",
              "100.125.3.250"
            ],
            "gateway_ip": "172.16.1.1",
            "id": "65927985-9a49-48d0-9e7b-620f73126dc4",
            "ipv4_subnet_id": "93a1bb1e-887b-4d43-b277-ea54ecef57b4",
            "ipv6_cidr": "",
            "ipv6_enable": false,
            "ipv6_gateway": "",
            "ipv6_subnet_id": "",
            "name": "db_dr",
            "primary_dns": "100.125.1.250",
            "region": "ap-southeast-1",
            "secondary_dns": "100.125.3.250",
            "subnet_id": "93a1bb1e-887b-4d43-b277-ea54ecef57b4",
            "tags": null,
            "timeouts": null,
            "vpc_id": "d1350eae-2816-42a6-9d6b-3a5d948c7a13"
          },
          "sensitive_attributes": [],
          "private": "eyJlMmJmYjczMC1lY2FhLTExZTYtOGY4OC0zNDM2M2JjN2M0YzAiOnsiY3JlYXRlIjozMDAwMDAwMDAwMDAsImRlbGV0ZSI6MzAwMDAwMDAwMDAwfX0=",
          "dependencies": [
            "module.vpc.huaweicloud_vpc.vpc_db_dr"
          ]
        }
      ]
    },
    {
      "module": "module.vpc",
      "mode": "managed",
      "type": "huaweicloud_vpc_subnet",
      "name": "subnet_drill",
      "provider": "provider[\"registry.terraform.io/huaweicloud/huaweicloud\"]",
      "instances": [
        {
          "schema_version": 0,
          "attributes": {
            "availability_zone": "",
            "cidr": "10.0.0.0/24",
            "description": "",
            "dhcp_enable": true,
            "dns_list": [
              "100.125.1.250",
              "100.125.1.251"
            ],
            "gateway_ip": "10.0.0.1",
            "id": "d0522d70-944d-41b3-aeca-724485e0f7e2",
            "ipv4_subnet_id": "efe844f4-7e92-4343-a403-9c9834b01fe4",
            "ipv6_cidr": "",
            "ipv6_enable": false,
            "ipv6_gateway": "",
            "ipv6_subnet_id": "",
            "name": "subnet_drill",
            "primary_dns": "100.125.1.250",
            "region": "ap-southeast-2",
            "secondary_dns": "100.125.1.251",
            "subnet_id": "efe844f4-7e92-4343-a403-9c9834b01fe4",
            "tags": null,
            "timeouts": null,
            "vpc_id": "b00725f2-8752-48f6-8a14-984038dee14e"
          },
          "sensitive_attributes": [],
          "private": "eyJlMmJmYjczMC1lY2FhLTExZTYtOGY4OC0zNDM2M2JjN2M0YzAiOnsiY3JlYXRlIjozMDAwMDAwMDAwMDAsImRlbGV0ZSI6MzAwMDAwMDAwMDAwfX0=",
          "dependencies": [
            "module.vpc.huaweicloud_vpc.vpc_drill_active"
          ]
        }
      ]
    },
    {
      "module": "module.vpc",
      "mode": "managed",
      "type": "huaweicloud_vpc_subnet",
      "name": "subnet_web",
      "provider": "provider[\"registry.terraform.io/huaweicloud/huaweicloud\"]",
      "instances": [
        {
          "schema_version": 0,
          "attributes": {
            "availability_zone": "",
            "cidr": "192.168.0.0/24",
            "description": "",
            "dhcp_enable": true,
            "dns_list": [
              "100.125.1.250",
              "100.125.1.251"
            ],
            "gateway_ip": "192.168.0.1",
            "id": "d0ad6089-612a-4ee0-9d07-4db14edcb708",
            "ipv4_subnet_id": "af17238d-9e9f-4cab-b4f8-92c886451022",
            "ipv6_cidr": "",
            "ipv6_enable": false,
            "ipv6_gateway": "",
            "ipv6_subnet_id": "",
            "name": "subnet_web",
            "primary_dns": "100.125.1.250",
            "region": "ap-southeast-2",
            "secondary_dns": "100.125.1.251",
            "subnet_id": "af17238d-9e9f-4cab-b4f8-92c886451022",
            "tags": null,
            "timeouts": null,
            "vpc_id": "6e77d437-e958-4d74-8076-bb5f0202ac02"
          },
          "sensitive_attributes": [],
          "private": "eyJlMmJmYjczMC1lY2FhLTExZTYtOGY4OC0zNDM2M2JjN2M0YzAiOnsiY3JlYXRlIjozMDAwMDAwMDAwMDAsImRlbGV0ZSI6MzAwMDAwMDAwMDAwfX0=",
          "dependencies": [
            "module.vpc.huaweicloud_vpc.vpc_web_active"
          ]
        }
      ]
    },
    {
      "module": "module.vpc",
      "mode": "managed",
      "type": "huaweicloud_vpc_subnet",
      "name": "subnet_web_branch",
      "provider": "provider[\"registry.terraform.io/huaweicloud/huaweicloud\"]",
      "instances": [
        {
          "schema_version": 0,
          "attributes": {
            "availability_zone": "",
            "cidr": "192.168.1.0/24",
            "description": "",
            "dhcp_enable": true,
            "dns_list": [
              "100.125.1.250",
              "100.125.3.250"
            ],
            "gateway_ip": "192.168.1.1",
            "id": "1cc338d3-d13d-40e2-acae-e015654286ef",
            "ipv4_subnet_id": "efe24923-c916-4c17-aa59-cec54f09fd79",
            "ipv6_cidr": "",
            "ipv6_enable": false,
            "ipv6_gateway": "",
            "ipv6_subnet_id": "",
            "name": "web_branch",
            "primary_dns": "100.125.1.250",
            "region": "ap-southeast-1",
            "secondary_dns": "100.125.3.250",
            "subnet_id": "efe24923-c916-4c17-aa59-cec54f09fd79",
            "tags": null,
            "timeouts": null,
            "vpc_id": "0c0658e7-4dd9-4cbc-b33e-299d470e41d7"
          },
          "sensitive_attributes": [],
          "private": "eyJlMmJmYjczMC1lY2FhLTExZTYtOGY4OC0zNDM2M2JjN2M0YzAiOnsiY3JlYXRlIjozMDAwMDAwMDAwMDAsImRlbGV0ZSI6MzAwMDAwMDAwMDAwfX0=",
          "dependencies": [
            "module.vpc.huaweicloud_vpc.vpc_web_branch"
          ]
        }
      ]
    },
    {
      "module": "module.vpn",
      "mode": "managed",
      "type": "huaweicloud_vpn_connection",
      "name": "bkk",
      "provider": "provider[\"registry.terraform.io/huaweicloud/huaweicloud\"]",
      "instances": [
        {
          "schema_version": 0,
          "attributes": {
            "created_at": "2023-01-16T08:51:04.61Z",
            "customer_gateway_id": "8c3d7a9b-778d-4849-87c3-e7a6af32aaa0",
            "enable_nqa": false,
            "enterprise_project_id": "0",
            "gateway_id": "ef1618b6-fe6e-433d-9f65-e25c452c1e45",
            "gateway_ip": "631fe48b-8040-4ac8-a13b-a5230837a8f9",
            "id": "e299dcf7-ddf8-46e5-a683-c4cb0455f9c1",
            "ikepolicy": [
              {
                "authentication_algorithm": "sha2-256",
                "authentication_method": "pre-share",
                "encryption_algorithm": "aes-128",
                "ike_version": "v2",
                "lifetime_seconds": 86400,
                "local_id": "49.0.195.85",
                "local_id_type": "ip",
                "peer_id": "190.92.245.119",
                "peer_id_type": "ip",
                "pfs": "group14",
                "phase1_negotiation_mode": ""
              }
            ],
            "ipsecpolicy": [
              {
                "authentication_algorithm": "sha2-256",
                "encapsulation_mode": "tunnel",
                "encryption_algorithm": "aes-128",
                "lifetime_seconds": 3600,
                "pfs": "group14",
                "transform_protocol": "esp"
              }
            ],
            "name": "bkk_to_hk",
            "peer_subnets": [
              "192.168.1.0/24",
              "172.16.1.0/24"
            ],
            "policy_rules": [],
            "psk": "P@ssw0rdHCIE0lab999",
            "region": "ap-southeast-2",
            "status": "DOWN",
            "timeouts": null,
            "tunnel_local_address": "169.254.77.169/30",
            "tunnel_peer_address": "169.254.77.170/30",
            "updated_at": "2023-01-16T08:51:04.61Z",
            "vpn_type": "STATIC"
          },
          "sensitive_attributes": [],
          "private": "eyJlMmJmYjczMC1lY2FhLTExZTYtOGY4OC0zNDM2M2JjN2M0YzAiOnsiY3JlYXRlIjo2MDAwMDAwMDAwMDAsImRlbGV0ZSI6NjAwMDAwMDAwMDAwLCJ1cGRhdGUiOjYwMDAwMDAwMDAwMH19",
          "dependencies": [
            "module.vpc.huaweicloud_vpc.vpc_db_active",
            "module.vpc.huaweicloud_vpc.vpc_web_branch",
            "module.vpn.huaweicloud_vpn_customer_gateway.bkk",
            "module.vpn.huaweicloud_vpn_gateway.bkk",
            "module.vpn.huaweicloud_vpn_gateway.hk"
          ]
        }
      ]
    },
    {
      "module": "module.vpn",
      "mode": "managed",
      "type": "huaweicloud_vpn_connection",
      "name": "hk",
      "provider": "provider[\"registry.terraform.io/huaweicloud/huaweicloud\"]",
      "instances": [
        {
          "schema_version": 0,
          "attributes": {
            "created_at": "2023-01-16T08:51:04.976Z",
            "customer_gateway_id": "6bb82af6-5f1b-4d91-b7f4-2d6fbb1fe240",
            "enable_nqa": false,
            "enterprise_project_id": "0",
            "gateway_id": "1d8b2c6f-542b-4bac-8d76-79a1c8185274",
            "gateway_ip": "a0757c64-3eb9-4dd3-9b43-dc523f1c0aba",
            "id": "050ff226-ee65-4f50-977a-b86f2068f5a8",
            "ikepolicy": [
              {
                "authentication_algorithm": "sha2-256",
                "authentication_method": "pre-share",
                "encryption_algorithm": "aes-128",
                "ike_version": "v2",
                "lifetime_seconds": 86400,
                "local_id": "190.92.245.119",
                "local_id_type": "ip",
                "peer_id": "49.0.195.85",
                "peer_id_type": "ip",
                "pfs": "group14",
                "phase1_negotiation_mode": ""
              }
            ],
            "ipsecpolicy": [
              {
                "authentication_algorithm": "sha2-256",
                "encapsulation_mode": "tunnel",
                "encryption_algorithm": "aes-128",
                "lifetime_seconds": 3600,
                "pfs": "group14",
                "transform_protocol": "esp"
              }
            ],
            "name": "hk_to_bkk",
            "peer_subnets": [
              "172.16.0.0/24",
              "192.168.0.0/24"
            ],
            "policy_rules": [],
            "psk": "P@ssw0rdHCIE0lab999",
            "region": "ap-southeast-1",
            "status": "DOWN",
            "timeouts": null,
            "tunnel_local_address": "169.254.77.169/30",
            "tunnel_peer_address": "169.254.77.170/30",
            "updated_at": "2023-01-16T08:51:04.976Z",
            "vpn_type": "STATIC"
          },
          "sensitive_attributes": [],
          "private": "eyJlMmJmYjczMC1lY2FhLTExZTYtOGY4OC0zNDM2M2JjN2M0YzAiOnsiY3JlYXRlIjo2MDAwMDAwMDAwMDAsImRlbGV0ZSI6NjAwMDAwMDAwMDAwLCJ1cGRhdGUiOjYwMDAwMDAwMDAwMH19",
          "dependencies": [
            "module.vpc.huaweicloud_vpc.vpc_db_active",
            "module.vpc.huaweicloud_vpc.vpc_web_branch",
            "module.vpn.huaweicloud_vpn_customer_gateway.hk",
            "module.vpn.huaweicloud_vpn_gateway.bkk",
            "module.vpn.huaweicloud_vpn_gateway.hk"
          ]
        }
      ]
    },
    {
      "module": "module.vpn",
      "mode": "managed",
      "type": "huaweicloud_vpn_customer_gateway",
      "name": "bkk",
      "provider": "provider[\"registry.terraform.io/huaweicloud/huaweicloud\"]",
      "instances": [
        {
          "schema_version": 0,
          "attributes": {
            "asn": 65000,
            "created_at": "2023-01-16T08:51:03.72Z",
            "id": "8c3d7a9b-778d-4849-87c3-e7a6af32aaa0",
            "ip": "190.92.245.119",
            "name": "hk_ip",
            "region": "ap-southeast-2",
            "route_mode": "bgp",
            "updated_at": "2023-01-16T08:51:03.72Z"
          },
          "sensitive_attributes": [],
          "private": "bnVsbA==",
          "dependencies": [
            "module.vpc.huaweicloud_vpc.vpc_web_branch",
            "module.vpn.huaweicloud_vpn_gateway.hk"
          ]
        }
      ]
    },
    {
      "module": "module.vpn",
      "mode": "managed",
      "type": "huaweicloud_vpn_customer_gateway",
      "name": "hk",
      "provider": "provider[\"registry.terraform.io/huaweicloud/huaweicloud\"]",
      "instances": [
        {
          "schema_version": 0,
          "attributes": {
            "asn": 65000,
            "created_at": "2023-01-16T08:51:01.356Z",
            "id": "6bb82af6-5f1b-4d91-b7f4-2d6fbb1fe240",
            "ip": "49.0.195.85",
            "name": "bkk_ip",
            "region": "ap-southeast-1",
            "route_mode": "bgp",
            "updated_at": "2023-01-16T08:51:01.356Z"
          },
          "sensitive_attributes": [],
          "private": "bnVsbA==",
          "dependencies": [
            "module.vpc.huaweicloud_vpc.vpc_db_active",
            "module.vpn.huaweicloud_vpn_gateway.bkk"
          ]
        }
      ]
    },
    {
      "module": "module.vpn",
      "mode": "managed",
      "type": "huaweicloud_vpn_gateway",
      "name": "bkk",
      "provider": "provider[\"registry.terraform.io/huaweicloud/huaweicloud\"]",
      "instances": [
        {
          "schema_version": 0,
          "attributes": {
            "asn": 64512,
            "attachment_type": "vpc",
            "availability_zones": [
              "ap-southeast-2a",
              "ap-southeast-2c"
            ],
            "connect_subnet": "172.16.3.0/24",
            "created_at": "2023-01-16T08:50:29.258Z",
            "enterprise_project_id": "0",
            "flavor": "V300",
            "id": "ef1618b6-fe6e-433d-9f65-e25c452c1e45",
            "local_subnets": [
              "172.16.0.0/24",
              "192.168.0.0/24"
            ],
            "master_eip": [
              {
                "bandwidth_id": "1782368f-7776-40f8-a9b8-b4e0ca5e5ae3",
                "bandwidth_name": "bkk1",
                "bandwidth_size": 5,
                "charge_mode": "traffic",
                "id": "631fe48b-8040-4ac8-a13b-a5230837a8f9",
                "ip_address": "49.0.195.85",
                "ip_version": 4,
                "type": "5_bgp"
              }
            ],
            "name": "bkk_to_hk",
            "region": "ap-southeast-2",
            "slave_eip": [
              {
                "bandwidth_id": "2729e644-a2cb-41e8-8f1b-f339b427e5e2",
                "bandwidth_name": "bkk2",
                "bandwidth_size": 5,
                "charge_mode": "traffic",
                "id": "31116db9-0f89-4d0a-a1be-9a16f60a9560",
                "ip_address": "49.0.198.127",
                "ip_version": 4,
                "type": "5_bgp"
              }
            ],
            "status": "ACTIVE",
            "timeouts": null,
            "updated_at": "2023-01-16T08:50:55.854Z",
            "used_connection_group": 0,
            "used_connection_number": 0,
            "vpc_id": "c59d6ff1-3a34-42cb-94b4-6496a96e32dc"
          },
          "sensitive_attributes": [],
          "private": "eyJlMmJmYjczMC1lY2FhLTExZTYtOGY4OC0zNDM2M2JjN2M0YzAiOnsiY3JlYXRlIjo2MDAwMDAwMDAwMDAsImRlbGV0ZSI6NjAwMDAwMDAwMDAwLCJ1cGRhdGUiOjYwMDAwMDAwMDAwMH19",
          "dependencies": [
            "module.vpc.huaweicloud_vpc.vpc_db_active"
          ]
        }
      ]
    },
    {
      "module": "module.vpn",
      "mode": "managed",
      "type": "huaweicloud_vpn_gateway",
      "name": "hk",
      "provider": "provider[\"registry.terraform.io/huaweicloud/huaweicloud\"]",
      "instances": [
        {
          "schema_version": 0,
          "attributes": {
            "asn": 64512,
            "attachment_type": "vpc",
            "availability_zones": [
              "ap-southeast-1b",
              "ap-southeast-1c"
            ],
            "connect_subnet": "192.168.3.0/24",
            "created_at": "2023-01-16T08:50:34.321Z",
            "enterprise_project_id": "0",
            "flavor": "V300",
            "id": "1d8b2c6f-542b-4bac-8d76-79a1c8185274",
            "local_subnets": [
              "192.168.1.0/24",
              "172.16.1.0/24"
            ],
            "master_eip": [
              {
                "bandwidth_id": "213b75f6-7df1-4543-9c6b-226d352c582d",
                "bandwidth_name": "hk1",
                "bandwidth_size": 5,
                "charge_mode": "traffic",
                "id": "a0757c64-3eb9-4dd3-9b43-dc523f1c0aba",
                "ip_address": "190.92.245.119",
                "ip_version": 4,
                "type": "5_bgp"
              }
            ],
            "name": "hk_to_bkk",
            "region": "ap-southeast-1",
            "slave_eip": [
              {
                "bandwidth_id": "44e4ef1f-e1c3-46a4-9228-ffccb6bea9dc",
                "bandwidth_name": "hk2",
                "bandwidth_size": 5,
                "charge_mode": "traffic",
                "id": "777c156d-489b-4380-891f-ee482b90e6bf",
                "ip_address": "119.8.127.69",
                "ip_version": 4,
                "type": "5_bgp"
              }
            ],
            "status": "ACTIVE",
            "timeouts": null,
            "updated_at": "2023-01-16T08:51:03.072Z",
            "used_connection_group": 0,
            "used_connection_number": 0,
            "vpc_id": "0c0658e7-4dd9-4cbc-b33e-299d470e41d7"
          },
          "sensitive_attributes": [],
          "private": "eyJlMmJmYjczMC1lY2FhLTExZTYtOGY4OC0zNDM2M2JjN2M0YzAiOnsiY3JlYXRlIjo2MDAwMDAwMDAwMDAsImRlbGV0ZSI6NjAwMDAwMDAwMDAwLCJ1cGRhdGUiOjYwMDAwMDAwMDAwMH19",
          "dependencies": [
            "module.vpc.huaweicloud_vpc.vpc_web_branch"
          ]
        }
      ]
    }
  ],
  "check_results": null
}
